// !$*UTF8*$!
{
	archiveVersion = 1;
	classes = {
	};
	objectVersion = 46;
	objects = {

/* Begin PBXBuildFile section */
		566712141A7570E500647D8E /* CustomActionSheet.m in Sources */ = {isa = PBXBuildFile; fileRef = 566712081A7570E500647D8E /* CustomActionSheet.m */; };
		566712151A7570E500647D8E /* JCAlertView.m in Sources */ = {isa = PBXBuildFile; fileRef = 5667120A1A7570E500647D8E /* JCAlertView.m */; };
		566712161A7570E500647D8E /* PopCollectionViewCell.m in Sources */ = {isa = PBXBuildFile; fileRef = 5667120D1A7570E500647D8E /* PopCollectionViewCell.m */; };
		566712171A7570E500647D8E /* PopTableViewCell.m in Sources */ = {isa = PBXBuildFile; fileRef = 5667120F1A7570E500647D8E /* PopTableViewCell.m */; };
		566712181A7570E500647D8E /* TopPopView.m in Sources */ = {isa = PBXBuildFile; fileRef = 566712111A7570E500647D8E /* TopPopView.m */; };
		566712241A75717100647D8E /* CustomAnimationView.m in Sources */ = {isa = PBXBuildFile; fileRef = 5667121C1A75717100647D8E /* CustomAnimationView.m */; };
		566712251A75717100647D8E /* CustomItem.m in Sources */ = {isa = PBXBuildFile; fileRef = 5667121E1A75717100647D8E /* CustomItem.m */; };
		566712261A75717100647D8E /* DRNRealTimeBlurView.m in Sources */ = {isa = PBXBuildFile; fileRef = 566712211A75717100647D8E /* DRNRealTimeBlurView.m */; };
		566712271A75717100647D8E /* UIImage+BoxBlur.m in Sources */ = {isa = PBXBuildFile; fileRef = 566712231A75717100647D8E /* UIImage+BoxBlur.m */; };
		B032820A1A74B5AC001BAA34 /* Comment.m in Sources */ = {isa = PBXBuildFile; fileRef = B03282091A74B5AC001BAA34 /* Comment.m */; };
		B038E2101A62017D00E660ED /* main.m in Sources */ = {isa = PBXBuildFile; fileRef = B038E20F1A62017D00E660ED /* main.m */; };
		B038E2131A62017D00E660ED /* AppDelegate.m in Sources */ = {isa = PBXBuildFile; fileRef = B038E2121A62017D00E660ED /* AppDelegate.m */; };
		B038E2191A62017D00E660ED /* Main.storyboard in Resources */ = {isa = PBXBuildFile; fileRef = B038E2171A62017D00E660ED /* Main.storyboard */; };
		B038E21B1A62017D00E660ED /* Images.xcassets in Resources */ = {isa = PBXBuildFile; fileRef = B038E21A1A62017D00E660ED /* Images.xcassets */; };
		B038E21E1A62017D00E660ED /* LaunchScreen.xib in Resources */ = {isa = PBXBuildFile; fileRef = B038E21C1A62017D00E660ED /* LaunchScreen.xib */; };
		B038E22A1A62017D00E660ED /* touchTests.m in Sources */ = {isa = PBXBuildFile; fileRef = B038E2291A62017D00E660ED /* touchTests.m */; };
		B086864B1A7EC5240046CC9D /* ActivityTypeViewController.m in Sources */ = {isa = PBXBuildFile; fileRef = B08686401A7EC5240046CC9D /* ActivityTypeViewController.m */; };
		B086864C1A7EC5240046CC9D /* ActivityTypeViewController.xib in Resources */ = {isa = PBXBuildFile; fileRef = B08686411A7EC5240046CC9D /* ActivityTypeViewController.xib */; };
		B086864D1A7EC5240046CC9D /* CampaignViewController.m in Sources */ = {isa = PBXBuildFile; fileRef = B08686431A7EC5240046CC9D /* CampaignViewController.m */; };
		B086864E1A7EC5240046CC9D /* CampaignViewController.xib in Resources */ = {isa = PBXBuildFile; fileRef = B08686441A7EC5240046CC9D /* CampaignViewController.xib */; };
		B086864F1A7EC5240046CC9D /* NewStatusViewController.m in Sources */ = {isa = PBXBuildFile; fileRef = B08686471A7EC5240046CC9D /* NewStatusViewController.m */; };
		B08686501A7EC5240046CC9D /* NewStatusViewController.xib in Resources */ = {isa = PBXBuildFile; fileRef = B08686481A7EC5240046CC9D /* NewStatusViewController.xib */; };
		B08686511A7EC5240046CC9D /* SZTextView.m in Sources */ = {isa = PBXBuildFile; fileRef = B086864A1A7EC5240046CC9D /* SZTextView.m */; };
		B08686551A7EC6250046CC9D /* ActivityTypeCell.m in Sources */ = {isa = PBXBuildFile; fileRef = B08686531A7EC6250046CC9D /* ActivityTypeCell.m */; };
		B08686581A7EC8EF0046CC9D /* ActivityTypeCell.xib in Resources */ = {isa = PBXBuildFile; fileRef = B08686571A7EC8EF0046CC9D /* ActivityTypeCell.xib */; };
		B0ACBD5D1A7DFAF000CBA508 /* IntroViewController.m in Sources */ = {isa = PBXBuildFile; fileRef = B0ACBD4A1A7DFAEF00CBA508 /* IntroViewController.m */; };
		B0ACBD5E1A7DFAF000CBA508 /* LoginViewController.m in Sources */ = {isa = PBXBuildFile; fileRef = B0ACBD4C1A7DFAEF00CBA508 /* LoginViewController.m */; };
		B0ACBD5F1A7DFAF000CBA508 /* LoginViewController.xib in Resources */ = {isa = PBXBuildFile; fileRef = B0ACBD4D1A7DFAEF00CBA508 /* LoginViewController.xib */; };
		B0ACBD601A7DFAF000CBA508 /* StepOneViewController.m in Sources */ = {isa = PBXBuildFile; fileRef = B0ACBD4F1A7DFAEF00CBA508 /* StepOneViewController.m */; };
		B0ACBD611A7DFAF000CBA508 /* StepOneViewController.xib in Resources */ = {isa = PBXBuildFile; fileRef = B0ACBD501A7DFAEF00CBA508 /* StepOneViewController.xib */; };
		B0ACBD621A7DFAF000CBA508 /* StepTwoViewController.m in Sources */ = {isa = PBXBuildFile; fileRef = B0ACBD521A7DFAEF00CBA508 /* StepTwoViewController.m */; };
		B0ACBD631A7DFAF000CBA508 /* StepTwoViewController.xib in Resources */ = {isa = PBXBuildFile; fileRef = B0ACBD531A7DFAEF00CBA508 /* StepTwoViewController.xib */; };
		B0ACBD641A7DFAF000CBA508 /* ActivityListViewController.m in Sources */ = {isa = PBXBuildFile; fileRef = B0ACBD561A7DFAEF00CBA508 /* ActivityListViewController.m */; };
		B0ACBD651A7DFAF000CBA508 /* ActivityListViewController.xib in Resources */ = {isa = PBXBuildFile; fileRef = B0ACBD571A7DFAEF00CBA508 /* ActivityListViewController.xib */; };
		B0ACBD661A7DFAF000CBA508 /* ActivityViewController.m in Sources */ = {isa = PBXBuildFile; fileRef = B0ACBD591A7DFAEF00CBA508 /* ActivityViewController.m */; };
		B0ACBD671A7DFAF000CBA508 /* ActivityViewController.xib in Resources */ = {isa = PBXBuildFile; fileRef = B0ACBD5A1A7DFAEF00CBA508 /* ActivityViewController.xib */; };
		B0ACBD681A7DFAF000CBA508 /* UserHeadImageView.m in Sources */ = {isa = PBXBuildFile; fileRef = B0ACBD5C1A7DFAF000CBA508 /* UserHeadImageView.m */; };
		B0ACBD791A7E1BEE00CBA508 /* UIButton+Button.m in Sources */ = {isa = PBXBuildFile; fileRef = B0ACBD781A7E1BEE00CBA508 /* UIButton+Button.m */; };
		B0BE54601A63C00D000DF8FE /* Parse.framework in Frameworks */ = {isa = PBXBuildFile; fileRef = B0BE545B1A63C00D000DF8FE /* Parse.framework */; };
		B0BE54651A63C098000DF8FE /* AudioToolbox.framework in Frameworks */ = {isa = PBXBuildFile; fileRef = B0BE54641A63C098000DF8FE /* AudioToolbox.framework */; };
		B0BE54671A63C0A0000DF8FE /* CFNetwork.framework in Frameworks */ = {isa = PBXBuildFile; fileRef = B0BE54661A63C0A0000DF8FE /* CFNetwork.framework */; };
		B0BE54691A63C0A8000DF8FE /* CoreGraphics.framework in Frameworks */ = {isa = PBXBuildFile; fileRef = B0BE54681A63C0A8000DF8FE /* CoreGraphics.framework */; };
		B0BE546B1A63C0B2000DF8FE /* CoreLocation.framework in Frameworks */ = {isa = PBXBuildFile; fileRef = B0BE546A1A63C0B2000DF8FE /* CoreLocation.framework */; };
		B0BE546D1A63C0B8000DF8FE /* MobileCoreServices.framework in Frameworks */ = {isa = PBXBuildFile; fileRef = B0BE546C1A63C0B8000DF8FE /* MobileCoreServices.framework */; };
		B0BE546F1A63C0BF000DF8FE /* QuartzCore.framework in Frameworks */ = {isa = PBXBuildFile; fileRef = B0BE546E1A63C0BF000DF8FE /* QuartzCore.framework */; };
		B0BE54711A63C0C6000DF8FE /* Security.framework in Frameworks */ = {isa = PBXBuildFile; fileRef = B0BE54701A63C0C6000DF8FE /* Security.framework */; };
		B0BE54731A63C0CD000DF8FE /* StoreKit.framework in Frameworks */ = {isa = PBXBuildFile; fileRef = B0BE54721A63C0CD000DF8FE /* StoreKit.framework */; };
		B0BE54751A63C0D5000DF8FE /* SystemConfiguration.framework in Frameworks */ = {isa = PBXBuildFile; fileRef = B0BE54741A63C0D5000DF8FE /* SystemConfiguration.framework */; };
		B0BE54771A63C0DE000DF8FE /* libz.dylib in Frameworks */ = {isa = PBXBuildFile; fileRef = B0BE54761A63C0DE000DF8FE /* libz.dylib */; };
		B0E62A491A71E0860067A244 /* ProgressHUD.bundle in Resources */ = {isa = PBXBuildFile; fileRef = B0E629E31A71E0860067A244 /* ProgressHUD.bundle */; };
		B0E62A4A1A71E0860067A244 /* ProgressHUD.m in Sources */ = {isa = PBXBuildFile; fileRef = B0E629E51A71E0860067A244 /* ProgressHUD.m */; };
		B0E62A661A71E0F70067A244 /* fb_icon.png in Resources */ = {isa = PBXBuildFile; fileRef = B0E62A5E1A71E0F70067A244 /* fb_icon.png */; };
		B0E62A671A71E0F70067A244 /* instagram.png in Resources */ = {isa = PBXBuildFile; fileRef = B0E62A5F1A71E0F70067A244 /* instagram.png */; };
		B0E62A681A71E0F70067A244 /* loginBackground@2x.png in Resources */ = {isa = PBXBuildFile; fileRef = B0E62A601A71E0F70067A244 /* loginBackground@2x.png */; };
		B0E62A691A71E0F70067A244 /* logoTemp@2x.png in Resources */ = {isa = PBXBuildFile; fileRef = B0E62A611A71E0F70067A244 /* logoTemp@2x.png */; };
		B0E62A6A1A71E0F70067A244 /* personal_icon_back@2x.png in Resources */ = {isa = PBXBuildFile; fileRef = B0E62A621A71E0F70067A244 /* personal_icon_back@2x.png */; };
		B0E62A6B1A71E0F70067A244 /* picsample@2x.png in Resources */ = {isa = PBXBuildFile; fileRef = B0E62A631A71E0F70067A244 /* picsample@2x.png */; };
		B0E62A6C1A71E0F70067A244 /* twitter.png in Resources */ = {isa = PBXBuildFile; fileRef = B0E62A641A71E0F70067A244 /* twitter.png */; };
		B0E62A6D1A71E0F70067A244 /* xiaolajiao@2x.png in Resources */ = {isa = PBXBuildFile; fileRef = B0E62A651A71E0F70067A244 /* xiaolajiao@2x.png */; };
		B0E62A741A71E10C0067A244 /* meet@2x.png in Resources */ = {isa = PBXBuildFile; fileRef = B0E62A6F1A71E10C0067A244 /* meet@2x.png */; };
		B0E62A751A71E10C0067A244 /* partner@2x.png in Resources */ = {isa = PBXBuildFile; fileRef = B0E62A701A71E10C0067A244 /* partner@2x.png */; };
		B0E62A761A71E10C0067A244 /* review@2x.png in Resources */ = {isa = PBXBuildFile; fileRef = B0E62A711A71E10C0067A244 /* review@2x.png */; };
		B0E62A771A71E10C0067A244 /* study@2x.png in Resources */ = {isa = PBXBuildFile; fileRef = B0E62A721A71E10C0067A244 /* study@2x.png */; };
		B0E62A781A71E10C0067A244 /* touch@2x.png in Resources */ = {isa = PBXBuildFile; fileRef = B0E62A731A71E10C0067A244 /* touch@2x.png */; };
		B0E62A821A71E1160067A244 /* tab_activity@2x.png in Resources */ = {isa = PBXBuildFile; fileRef = B0E62A7A1A71E1160067A244 /* tab_activity@2x.png */; };
		B0E62A831A71E1160067A244 /* tab_activity_p@2x.png in Resources */ = {isa = PBXBuildFile; fileRef = B0E62A7B1A71E1160067A244 /* tab_activity_p@2x.png */; };
		B0E62A841A71E1160067A244 /* tab_message@2x.png in Resources */ = {isa = PBXBuildFile; fileRef = B0E62A7C1A71E1160067A244 /* tab_message@2x.png */; };
		B0E62A851A71E1160067A244 /* tab_message_p@2x.png in Resources */ = {isa = PBXBuildFile; fileRef = B0E62A7D1A71E1160067A244 /* tab_message_p@2x.png */; };
		B0E62A861A71E1160067A244 /* tab_square@2x.png in Resources */ = {isa = PBXBuildFile; fileRef = B0E62A7E1A71E1160067A244 /* tab_square@2x.png */; };
		B0E62A871A71E1160067A244 /* tab_square_p@2x.png in Resources */ = {isa = PBXBuildFile; fileRef = B0E62A7F1A71E1160067A244 /* tab_square_p@2x.png */; };
		B0E62A881A71E1160067A244 /* tab_user@2x.png in Resources */ = {isa = PBXBuildFile; fileRef = B0E62A801A71E1160067A244 /* tab_user@2x.png */; };
		B0E62A891A71E1160067A244 /* tab_user_p@2x.png in Resources */ = {isa = PBXBuildFile; fileRef = B0E62A811A71E1160067A244 /* tab_user_p@2x.png */; };
		B0E62A9B1A71E1270067A244 /* Event.m in Sources */ = {isa = PBXBuildFile; fileRef = B0E62A8C1A71E1270067A244 /* Event.m */; };
		B0E62A9C1A71E1270067A244 /* EventManager.m in Sources */ = {isa = PBXBuildFile; fileRef = B0E62A8E1A71E1270067A244 /* EventManager.m */; };
		B0E62A9D1A71E1270067A244 /* Image.m in Sources */ = {isa = PBXBuildFile; fileRef = B0E62A911A71E1270067A244 /* Image.m */; };
		B0E62A9E1A71E1270067A244 /* newsFeed.m in Sources */ = {isa = PBXBuildFile; fileRef = B0E62A941A71E1270067A244 /* newsFeed.m */; };
		B0E62A9F1A71E1270067A244 /* newsFeedManager.m in Sources */ = {isa = PBXBuildFile; fileRef = B0E62A961A71E1270067A244 /* newsFeedManager.m */; };
		B0E62AA01A71E1270067A244 /* User.m in Sources */ = {isa = PBXBuildFile; fileRef = B0E62A9A1A71E1270067A244 /* User.m */; };
		B0E62AB31A71E1370067A244 /* CustomTabBar.m in Sources */ = {isa = PBXBuildFile; fileRef = B0E62AA21A71E1370067A244 /* CustomTabBar.m */; };
		B0E62AB41A71E1370067A244 /* InsetTextField.m in Sources */ = {isa = PBXBuildFile; fileRef = B0E62AA41A71E1370067A244 /* InsetTextField.m */; };
		B0E62ACE1A71E20C0067A244 /* VBFDoubleSegment.m in Sources */ = {isa = PBXBuildFile; fileRef = B0E62AC81A71E20C0067A244 /* VBFDoubleSegment.m */; };
		B0E62ACF1A71E20C0067A244 /* VBFPopFlatButton.m in Sources */ = {isa = PBXBuildFile; fileRef = B0E62ACA1A71E20C0067A244 /* VBFPopFlatButton.m */; };
		B0E911951A63C35100AA8B7E /* Social.framework in Frameworks */ = {isa = PBXBuildFile; fileRef = B0E911941A63C35100AA8B7E /* Social.framework */; };
		B0E911971A63C38B00AA8B7E /* Accounts.framework in Frameworks */ = {isa = PBXBuildFile; fileRef = B0E911961A63C38B00AA8B7E /* Accounts.framework */; };
		B0E911A91A63D0C900AA8B7E /* FacebookSDK.framework in Frameworks */ = {isa = PBXBuildFile; fileRef = B0E911A81A63D0C900AA8B7E /* FacebookSDK.framework */; };
		B0E911AB1A63D0FC00AA8B7E /* Foundation.framework in Frameworks */ = {isa = PBXBuildFile; fileRef = B0E911AA1A63D0FC00AA8B7E /* Foundation.framework */; };
		B0E911AD1A63D11000AA8B7E /* UIKit.framework in Frameworks */ = {isa = PBXBuildFile; fileRef = B0E911AC1A63D11000AA8B7E /* UIKit.framework */; };
		B0E911B11A63D14800AA8B7E /* libsqlite3.dylib in Frameworks */ = {isa = PBXBuildFile; fileRef = B0E911B01A63D14800AA8B7E /* libsqlite3.dylib */; };
		D4A7D56F5090AE2A2C1CDE20 /* libPods.a in Frameworks */ = {isa = PBXBuildFile; fileRef = C68310DD432B01D2C3A6E56C /* libPods.a */; };
/* End PBXBuildFile section */

/* Begin PBXContainerItemProxy section */
		B038E2241A62017D00E660ED /* PBXContainerItemProxy */ = {
			isa = PBXContainerItemProxy;
			containerPortal = B038E2021A62017D00E660ED /* Project object */;
			proxyType = 1;
			remoteGlobalIDString = B038E2091A62017D00E660ED;
			remoteInfo = touch;
		};
/* End PBXContainerItemProxy section */

/* Begin PBXFileReference section */
		091258C1AC96E7FF03934F2B /* Pods.release.xcconfig */ = {isa = PBXFileReference; includeInIndex = 1; lastKnownFileType = text.xcconfig; name = Pods.release.xcconfig; path = "Pods/Target Support Files/Pods/Pods.release.xcconfig"; sourceTree = "<group>"; };
		566712071A7570E500647D8E /* CustomActionSheet.h */ = {isa = PBXFileReference; fileEncoding = 4; lastKnownFileType = sourcecode.c.h; path = CustomActionSheet.h; sourceTree = "<group>"; };
		566712081A7570E500647D8E /* CustomActionSheet.m */ = {isa = PBXFileReference; fileEncoding = 4; lastKnownFileType = sourcecode.c.objc; path = CustomActionSheet.m; sourceTree = "<group>"; };
		566712091A7570E500647D8E /* JCAlertView.h */ = {isa = PBXFileReference; fileEncoding = 4; lastKnownFileType = sourcecode.c.h; path = JCAlertView.h; sourceTree = "<group>"; };
		5667120A1A7570E500647D8E /* JCAlertView.m */ = {isa = PBXFileReference; fileEncoding = 4; lastKnownFileType = sourcecode.c.objc; path = JCAlertView.m; sourceTree = "<group>"; };
		5667120C1A7570E500647D8E /* PopCollectionViewCell.h */ = {isa = PBXFileReference; fileEncoding = 4; lastKnownFileType = sourcecode.c.h; path = PopCollectionViewCell.h; sourceTree = "<group>"; };
		5667120D1A7570E500647D8E /* PopCollectionViewCell.m */ = {isa = PBXFileReference; fileEncoding = 4; lastKnownFileType = sourcecode.c.objc; path = PopCollectionViewCell.m; sourceTree = "<group>"; };
		5667120E1A7570E500647D8E /* PopTableViewCell.h */ = {isa = PBXFileReference; fileEncoding = 4; lastKnownFileType = sourcecode.c.h; path = PopTableViewCell.h; sourceTree = "<group>"; };
		5667120F1A7570E500647D8E /* PopTableViewCell.m */ = {isa = PBXFileReference; fileEncoding = 4; lastKnownFileType = sourcecode.c.objc; path = PopTableViewCell.m; sourceTree = "<group>"; };
		566712101A7570E500647D8E /* TopPopView.h */ = {isa = PBXFileReference; fileEncoding = 4; lastKnownFileType = sourcecode.c.h; path = TopPopView.h; sourceTree = "<group>"; };
		566712111A7570E500647D8E /* TopPopView.m */ = {isa = PBXFileReference; fileEncoding = 4; lastKnownFileType = sourcecode.c.objc; path = TopPopView.m; sourceTree = "<group>"; };
		5667121B1A75717100647D8E /* CustomAnimationView.h */ = {isa = PBXFileReference; fileEncoding = 4; lastKnownFileType = sourcecode.c.h; path = CustomAnimationView.h; sourceTree = "<group>"; };
		5667121C1A75717100647D8E /* CustomAnimationView.m */ = {isa = PBXFileReference; fileEncoding = 4; lastKnownFileType = sourcecode.c.objc; path = CustomAnimationView.m; sourceTree = "<group>"; };
		5667121D1A75717100647D8E /* CustomItem.h */ = {isa = PBXFileReference; fileEncoding = 4; lastKnownFileType = sourcecode.c.h; path = CustomItem.h; sourceTree = "<group>"; };
		5667121E1A75717100647D8E /* CustomItem.m */ = {isa = PBXFileReference; fileEncoding = 4; lastKnownFileType = sourcecode.c.objc; path = CustomItem.m; sourceTree = "<group>"; };
		566712201A75717100647D8E /* DRNRealTimeBlurView.h */ = {isa = PBXFileReference; fileEncoding = 4; lastKnownFileType = sourcecode.c.h; path = DRNRealTimeBlurView.h; sourceTree = "<group>"; };
		566712211A75717100647D8E /* DRNRealTimeBlurView.m */ = {isa = PBXFileReference; fileEncoding = 4; lastKnownFileType = sourcecode.c.objc; path = DRNRealTimeBlurView.m; sourceTree = "<group>"; };
		566712221A75717100647D8E /* UIImage+BoxBlur.h */ = {isa = PBXFileReference; fileEncoding = 4; lastKnownFileType = sourcecode.c.h; path = "UIImage+BoxBlur.h"; sourceTree = "<group>"; };
		566712231A75717100647D8E /* UIImage+BoxBlur.m */ = {isa = PBXFileReference; fileEncoding = 4; lastKnownFileType = sourcecode.c.objc; path = "UIImage+BoxBlur.m"; sourceTree = "<group>"; };
		8320CE4774A8B8F676888D9D /* Pods.debug.xcconfig */ = {isa = PBXFileReference; includeInIndex = 1; lastKnownFileType = text.xcconfig; name = Pods.debug.xcconfig; path = "Pods/Target Support Files/Pods/Pods.debug.xcconfig"; sourceTree = "<group>"; };
		B03282081A74B5AC001BAA34 /* Comment.h */ = {isa = PBXFileReference; fileEncoding = 4; lastKnownFileType = sourcecode.c.h; path = Comment.h; sourceTree = "<group>"; };
		B03282091A74B5AC001BAA34 /* Comment.m */ = {isa = PBXFileReference; fileEncoding = 4; lastKnownFileType = sourcecode.c.objc; path = Comment.m; sourceTree = "<group>"; };
		B038E20A1A62017D00E660ED /* touch.app */ = {isa = PBXFileReference; explicitFileType = wrapper.application; includeInIndex = 0; path = touch.app; sourceTree = BUILT_PRODUCTS_DIR; };
		B038E20E1A62017D00E660ED /* Info.plist */ = {isa = PBXFileReference; lastKnownFileType = text.plist.xml; path = Info.plist; sourceTree = "<group>"; };
		B038E20F1A62017D00E660ED /* main.m */ = {isa = PBXFileReference; lastKnownFileType = sourcecode.c.objc; path = main.m; sourceTree = "<group>"; };
		B038E2111A62017D00E660ED /* AppDelegate.h */ = {isa = PBXFileReference; lastKnownFileType = sourcecode.c.h; path = AppDelegate.h; sourceTree = "<group>"; };
		B038E2121A62017D00E660ED /* AppDelegate.m */ = {isa = PBXFileReference; lastKnownFileType = sourcecode.c.objc; path = AppDelegate.m; sourceTree = "<group>"; };
		B038E2181A62017D00E660ED /* Base */ = {isa = PBXFileReference; lastKnownFileType = file.storyboard; name = Base; path = Base.lproj/Main.storyboard; sourceTree = "<group>"; };
		B038E21A1A62017D00E660ED /* Images.xcassets */ = {isa = PBXFileReference; lastKnownFileType = folder.assetcatalog; path = Images.xcassets; sourceTree = "<group>"; };
		B038E21D1A62017D00E660ED /* Base */ = {isa = PBXFileReference; lastKnownFileType = file.xib; name = Base; path = Base.lproj/LaunchScreen.xib; sourceTree = "<group>"; };
		B038E2231A62017D00E660ED /* touchTests.xctest */ = {isa = PBXFileReference; explicitFileType = wrapper.cfbundle; includeInIndex = 0; path = touchTests.xctest; sourceTree = BUILT_PRODUCTS_DIR; };
		B038E2281A62017D00E660ED /* Info.plist */ = {isa = PBXFileReference; lastKnownFileType = text.plist.xml; path = Info.plist; sourceTree = "<group>"; };
		B038E2291A62017D00E660ED /* touchTests.m */ = {isa = PBXFileReference; lastKnownFileType = sourcecode.c.objc; path = touchTests.m; sourceTree = "<group>"; };
		B086863F1A7EC5240046CC9D /* ActivityTypeViewController.h */ = {isa = PBXFileReference; fileEncoding = 4; lastKnownFileType = sourcecode.c.h; path = ActivityTypeViewController.h; sourceTree = "<group>"; };
		B08686401A7EC5240046CC9D /* ActivityTypeViewController.m */ = {isa = PBXFileReference; fileEncoding = 4; lastKnownFileType = sourcecode.c.objc; path = ActivityTypeViewController.m; sourceTree = "<group>"; };
		B08686411A7EC5240046CC9D /* ActivityTypeViewController.xib */ = {isa = PBXFileReference; fileEncoding = 4; lastKnownFileType = file.xib; path = ActivityTypeViewController.xib; sourceTree = "<group>"; };
		B08686421A7EC5240046CC9D /* CampaignViewController.h */ = {isa = PBXFileReference; fileEncoding = 4; lastKnownFileType = sourcecode.c.h; path = CampaignViewController.h; sourceTree = "<group>"; };
		B08686431A7EC5240046CC9D /* CampaignViewController.m */ = {isa = PBXFileReference; fileEncoding = 4; lastKnownFileType = sourcecode.c.objc; path = CampaignViewController.m; sourceTree = "<group>"; };
		B08686441A7EC5240046CC9D /* CampaignViewController.xib */ = {isa = PBXFileReference; fileEncoding = 4; lastKnownFileType = file.xib; path = CampaignViewController.xib; sourceTree = "<group>"; };
		B08686461A7EC5240046CC9D /* NewStatusViewController.h */ = {isa = PBXFileReference; fileEncoding = 4; lastKnownFileType = sourcecode.c.h; path = NewStatusViewController.h; sourceTree = "<group>"; };
		B08686471A7EC5240046CC9D /* NewStatusViewController.m */ = {isa = PBXFileReference; fileEncoding = 4; lastKnownFileType = sourcecode.c.objc; path = NewStatusViewController.m; sourceTree = "<group>"; };
		B08686481A7EC5240046CC9D /* NewStatusViewController.xib */ = {isa = PBXFileReference; fileEncoding = 4; lastKnownFileType = file.xib; path = NewStatusViewController.xib; sourceTree = "<group>"; };
		B08686491A7EC5240046CC9D /* SZTextView.h */ = {isa = PBXFileReference; fileEncoding = 4; lastKnownFileType = sourcecode.c.h; path = SZTextView.h; sourceTree = "<group>"; };
		B086864A1A7EC5240046CC9D /* SZTextView.m */ = {isa = PBXFileReference; fileEncoding = 4; lastKnownFileType = sourcecode.c.objc; path = SZTextView.m; sourceTree = "<group>"; };
		B08686521A7EC6250046CC9D /* ActivityTypeCell.h */ = {isa = PBXFileReference; fileEncoding = 4; lastKnownFileType = sourcecode.c.h; path = ActivityTypeCell.h; sourceTree = "<group>"; };
		B08686531A7EC6250046CC9D /* ActivityTypeCell.m */ = {isa = PBXFileReference; fileEncoding = 4; lastKnownFileType = sourcecode.c.objc; path = ActivityTypeCell.m; sourceTree = "<group>"; };
		B08686571A7EC8EF0046CC9D /* ActivityTypeCell.xib */ = {isa = PBXFileReference; fileEncoding = 4; lastKnownFileType = file.xib; path = ActivityTypeCell.xib; sourceTree = "<group>"; };
		B0ACBD491A7DFAEF00CBA508 /* IntroViewController.h */ = {isa = PBXFileReference; fileEncoding = 4; lastKnownFileType = sourcecode.c.h; path = IntroViewController.h; sourceTree = "<group>"; };
		B0ACBD4A1A7DFAEF00CBA508 /* IntroViewController.m */ = {isa = PBXFileReference; fileEncoding = 4; lastKnownFileType = sourcecode.c.objc; path = IntroViewController.m; sourceTree = "<group>"; };
		B0ACBD4B1A7DFAEF00CBA508 /* LoginViewController.h */ = {isa = PBXFileReference; fileEncoding = 4; lastKnownFileType = sourcecode.c.h; path = LoginViewController.h; sourceTree = "<group>"; };
		B0ACBD4C1A7DFAEF00CBA508 /* LoginViewController.m */ = {isa = PBXFileReference; fileEncoding = 4; lastKnownFileType = sourcecode.c.objc; path = LoginViewController.m; sourceTree = "<group>"; };
		B0ACBD4D1A7DFAEF00CBA508 /* LoginViewController.xib */ = {isa = PBXFileReference; fileEncoding = 4; lastKnownFileType = file.xib; path = LoginViewController.xib; sourceTree = "<group>"; };
		B0ACBD4E1A7DFAEF00CBA508 /* StepOneViewController.h */ = {isa = PBXFileReference; fileEncoding = 4; lastKnownFileType = sourcecode.c.h; path = StepOneViewController.h; sourceTree = "<group>"; };
		B0ACBD4F1A7DFAEF00CBA508 /* StepOneViewController.m */ = {isa = PBXFileReference; fileEncoding = 4; lastKnownFileType = sourcecode.c.objc; path = StepOneViewController.m; sourceTree = "<group>"; };
		B0ACBD501A7DFAEF00CBA508 /* StepOneViewController.xib */ = {isa = PBXFileReference; fileEncoding = 4; lastKnownFileType = file.xib; path = StepOneViewController.xib; sourceTree = "<group>"; };
		B0ACBD511A7DFAEF00CBA508 /* StepTwoViewController.h */ = {isa = PBXFileReference; fileEncoding = 4; lastKnownFileType = sourcecode.c.h; path = StepTwoViewController.h; sourceTree = "<group>"; };
		B0ACBD521A7DFAEF00CBA508 /* StepTwoViewController.m */ = {isa = PBXFileReference; fileEncoding = 4; lastKnownFileType = sourcecode.c.objc; path = StepTwoViewController.m; sourceTree = "<group>"; };
		B0ACBD531A7DFAEF00CBA508 /* StepTwoViewController.xib */ = {isa = PBXFileReference; fileEncoding = 4; lastKnownFileType = file.xib; path = StepTwoViewController.xib; sourceTree = "<group>"; };
		B0ACBD551A7DFAEF00CBA508 /* ActivityListViewController.h */ = {isa = PBXFileReference; fileEncoding = 4; lastKnownFileType = sourcecode.c.h; path = ActivityListViewController.h; sourceTree = "<group>"; };
		B0ACBD561A7DFAEF00CBA508 /* ActivityListViewController.m */ = {isa = PBXFileReference; fileEncoding = 4; lastKnownFileType = sourcecode.c.objc; path = ActivityListViewController.m; sourceTree = "<group>"; };
		B0ACBD571A7DFAEF00CBA508 /* ActivityListViewController.xib */ = {isa = PBXFileReference; fileEncoding = 4; lastKnownFileType = file.xib; path = ActivityListViewController.xib; sourceTree = "<group>"; };
		B0ACBD581A7DFAEF00CBA508 /* ActivityViewController.h */ = {isa = PBXFileReference; fileEncoding = 4; lastKnownFileType = sourcecode.c.h; path = ActivityViewController.h; sourceTree = "<group>"; };
		B0ACBD591A7DFAEF00CBA508 /* ActivityViewController.m */ = {isa = PBXFileReference; fileEncoding = 4; lastKnownFileType = sourcecode.c.objc; path = ActivityViewController.m; sourceTree = "<group>"; };
		B0ACBD5A1A7DFAEF00CBA508 /* ActivityViewController.xib */ = {isa = PBXFileReference; fileEncoding = 4; lastKnownFileType = file.xib; path = ActivityViewController.xib; sourceTree = "<group>"; };
		B0ACBD5B1A7DFAF000CBA508 /* UserHeadImageView.h */ = {isa = PBXFileReference; fileEncoding = 4; lastKnownFileType = sourcecode.c.h; path = UserHeadImageView.h; sourceTree = "<group>"; };
		B0ACBD5C1A7DFAF000CBA508 /* UserHeadImageView.m */ = {isa = PBXFileReference; fileEncoding = 4; lastKnownFileType = sourcecode.c.objc; path = UserHeadImageView.m; sourceTree = "<group>"; };
		B0ACBD771A7E1BEE00CBA508 /* UIButton+Button.h */ = {isa = PBXFileReference; fileEncoding = 4; lastKnownFileType = sourcecode.c.h; path = "UIButton+Button.h"; sourceTree = "<group>"; };
		B0ACBD781A7E1BEE00CBA508 /* UIButton+Button.m */ = {isa = PBXFileReference; fileEncoding = 4; lastKnownFileType = sourcecode.c.objc; path = "UIButton+Button.m"; sourceTree = "<group>"; };
		B0BE545B1A63C00D000DF8FE /* Parse.framework */ = {isa = PBXFileReference; lastKnownFileType = wrapper.framework; path = Parse.framework; sourceTree = "<group>"; };
		B0BE54641A63C098000DF8FE /* AudioToolbox.framework */ = {isa = PBXFileReference; lastKnownFileType = wrapper.framework; name = AudioToolbox.framework; path = System/Library/Frameworks/AudioToolbox.framework; sourceTree = SDKROOT; };
		B0BE54661A63C0A0000DF8FE /* CFNetwork.framework */ = {isa = PBXFileReference; lastKnownFileType = wrapper.framework; name = CFNetwork.framework; path = System/Library/Frameworks/CFNetwork.framework; sourceTree = SDKROOT; };
		B0BE54681A63C0A8000DF8FE /* CoreGraphics.framework */ = {isa = PBXFileReference; lastKnownFileType = wrapper.framework; name = CoreGraphics.framework; path = System/Library/Frameworks/CoreGraphics.framework; sourceTree = SDKROOT; };
		B0BE546A1A63C0B2000DF8FE /* CoreLocation.framework */ = {isa = PBXFileReference; lastKnownFileType = wrapper.framework; name = CoreLocation.framework; path = System/Library/Frameworks/CoreLocation.framework; sourceTree = SDKROOT; };
		B0BE546C1A63C0B8000DF8FE /* MobileCoreServices.framework */ = {isa = PBXFileReference; lastKnownFileType = wrapper.framework; name = MobileCoreServices.framework; path = System/Library/Frameworks/MobileCoreServices.framework; sourceTree = SDKROOT; };
		B0BE546E1A63C0BF000DF8FE /* QuartzCore.framework */ = {isa = PBXFileReference; lastKnownFileType = wrapper.framework; name = QuartzCore.framework; path = System/Library/Frameworks/QuartzCore.framework; sourceTree = SDKROOT; };
		B0BE54701A63C0C6000DF8FE /* Security.framework */ = {isa = PBXFileReference; lastKnownFileType = wrapper.framework; name = Security.framework; path = System/Library/Frameworks/Security.framework; sourceTree = SDKROOT; };
		B0BE54721A63C0CD000DF8FE /* StoreKit.framework */ = {isa = PBXFileReference; lastKnownFileType = wrapper.framework; name = StoreKit.framework; path = System/Library/Frameworks/StoreKit.framework; sourceTree = SDKROOT; };
		B0BE54741A63C0D5000DF8FE /* SystemConfiguration.framework */ = {isa = PBXFileReference; lastKnownFileType = wrapper.framework; name = SystemConfiguration.framework; path = System/Library/Frameworks/SystemConfiguration.framework; sourceTree = SDKROOT; };
		B0BE54761A63C0DE000DF8FE /* libz.dylib */ = {isa = PBXFileReference; lastKnownFileType = "compiled.mach-o.dylib"; name = libz.dylib; path = usr/lib/libz.dylib; sourceTree = SDKROOT; };
		B0E629E31A71E0860067A244 /* ProgressHUD.bundle */ = {isa = PBXFileReference; lastKnownFileType = "wrapper.plug-in"; name = ProgressHUD.bundle; path = touch/Util/ProgressHUD.bundle; sourceTree = "<group>"; };
		B0E629E41A71E0860067A244 /* ProgressHUD.h */ = {isa = PBXFileReference; fileEncoding = 4; lastKnownFileType = sourcecode.c.h; name = ProgressHUD.h; path = touch/Util/ProgressHUD.h; sourceTree = "<group>"; };
		B0E629E51A71E0860067A244 /* ProgressHUD.m */ = {isa = PBXFileReference; fileEncoding = 4; lastKnownFileType = sourcecode.c.objc; name = ProgressHUD.m; path = touch/Util/ProgressHUD.m; sourceTree = "<group>"; };
		B0E62A5E1A71E0F70067A244 /* fb_icon.png */ = {isa = PBXFileReference; lastKnownFileType = image.png; name = fb_icon.png; path = "Resources/Login&Signup/fb_icon.png"; sourceTree = "<group>"; };
		B0E62A5F1A71E0F70067A244 /* instagram.png */ = {isa = PBXFileReference; lastKnownFileType = image.png; name = instagram.png; path = "Resources/Login&Signup/instagram.png"; sourceTree = "<group>"; };
		B0E62A601A71E0F70067A244 /* loginBackground@2x.png */ = {isa = PBXFileReference; lastKnownFileType = image.png; name = "loginBackground@2x.png"; path = "Resources/Login&Signup/loginBackground@2x.png"; sourceTree = "<group>"; };
		B0E62A611A71E0F70067A244 /* logoTemp@2x.png */ = {isa = PBXFileReference; lastKnownFileType = image.png; name = "logoTemp@2x.png"; path = "Resources/Login&Signup/logoTemp@2x.png"; sourceTree = "<group>"; };
		B0E62A621A71E0F70067A244 /* personal_icon_back@2x.png */ = {isa = PBXFileReference; lastKnownFileType = image.png; name = "personal_icon_back@2x.png"; path = "Resources/Login&Signup/personal_icon_back@2x.png"; sourceTree = "<group>"; };
		B0E62A631A71E0F70067A244 /* picsample@2x.png */ = {isa = PBXFileReference; lastKnownFileType = image.png; name = "picsample@2x.png"; path = "Resources/Login&Signup/picsample@2x.png"; sourceTree = "<group>"; };
		B0E62A641A71E0F70067A244 /* twitter.png */ = {isa = PBXFileReference; lastKnownFileType = image.png; name = twitter.png; path = "Resources/Login&Signup/twitter.png"; sourceTree = "<group>"; };
		B0E62A651A71E0F70067A244 /* xiaolajiao@2x.png */ = {isa = PBXFileReference; lastKnownFileType = image.png; name = "xiaolajiao@2x.png"; path = "Resources/Login&Signup/xiaolajiao@2x.png"; sourceTree = "<group>"; };
		B0E62A6F1A71E10C0067A244 /* meet@2x.png */ = {isa = PBXFileReference; lastKnownFileType = image.png; path = "meet@2x.png"; sourceTree = "<group>"; };
		B0E62A701A71E10C0067A244 /* partner@2x.png */ = {isa = PBXFileReference; lastKnownFileType = image.png; path = "partner@2x.png"; sourceTree = "<group>"; };
		B0E62A711A71E10C0067A244 /* review@2x.png */ = {isa = PBXFileReference; lastKnownFileType = image.png; path = "review@2x.png"; sourceTree = "<group>"; };
		B0E62A721A71E10C0067A244 /* study@2x.png */ = {isa = PBXFileReference; lastKnownFileType = image.png; path = "study@2x.png"; sourceTree = "<group>"; };
		B0E62A731A71E10C0067A244 /* touch@2x.png */ = {isa = PBXFileReference; lastKnownFileType = image.png; path = "touch@2x.png"; sourceTree = "<group>"; };
		B0E62A7A1A71E1160067A244 /* tab_activity@2x.png */ = {isa = PBXFileReference; lastKnownFileType = image.png; path = "tab_activity@2x.png"; sourceTree = "<group>"; };
		B0E62A7B1A71E1160067A244 /* tab_activity_p@2x.png */ = {isa = PBXFileReference; lastKnownFileType = image.png; path = "tab_activity_p@2x.png"; sourceTree = "<group>"; };
		B0E62A7C1A71E1160067A244 /* tab_message@2x.png */ = {isa = PBXFileReference; lastKnownFileType = image.png; path = "tab_message@2x.png"; sourceTree = "<group>"; };
		B0E62A7D1A71E1160067A244 /* tab_message_p@2x.png */ = {isa = PBXFileReference; lastKnownFileType = image.png; path = "tab_message_p@2x.png"; sourceTree = "<group>"; };
		B0E62A7E1A71E1160067A244 /* tab_square@2x.png */ = {isa = PBXFileReference; lastKnownFileType = image.png; path = "tab_square@2x.png"; sourceTree = "<group>"; };
		B0E62A7F1A71E1160067A244 /* tab_square_p@2x.png */ = {isa = PBXFileReference; lastKnownFileType = image.png; path = "tab_square_p@2x.png"; sourceTree = "<group>"; };
		B0E62A801A71E1160067A244 /* tab_user@2x.png */ = {isa = PBXFileReference; lastKnownFileType = image.png; path = "tab_user@2x.png"; sourceTree = "<group>"; };
		B0E62A811A71E1160067A244 /* tab_user_p@2x.png */ = {isa = PBXFileReference; lastKnownFileType = image.png; path = "tab_user_p@2x.png"; sourceTree = "<group>"; };
		B0E62A8B1A71E1270067A244 /* Event.h */ = {isa = PBXFileReference; fileEncoding = 4; lastKnownFileType = sourcecode.c.h; path = Event.h; sourceTree = "<group>"; };
		B0E62A8C1A71E1270067A244 /* Event.m */ = {isa = PBXFileReference; fileEncoding = 4; lastKnownFileType = sourcecode.c.objc; path = Event.m; sourceTree = "<group>"; };
		B0E62A8D1A71E1270067A244 /* EventManager.h */ = {isa = PBXFileReference; fileEncoding = 4; lastKnownFileType = sourcecode.c.h; path = EventManager.h; sourceTree = "<group>"; };
		B0E62A8E1A71E1270067A244 /* EventManager.m */ = {isa = PBXFileReference; fileEncoding = 4; lastKnownFileType = sourcecode.c.objc; path = EventManager.m; sourceTree = "<group>"; };
		B0E62A901A71E1270067A244 /* Image.h */ = {isa = PBXFileReference; fileEncoding = 4; lastKnownFileType = sourcecode.c.h; path = Image.h; sourceTree = "<group>"; };
		B0E62A911A71E1270067A244 /* Image.m */ = {isa = PBXFileReference; fileEncoding = 4; lastKnownFileType = sourcecode.c.objc; path = Image.m; sourceTree = "<group>"; };
		B0E62A931A71E1270067A244 /* newsFeed.h */ = {isa = PBXFileReference; fileEncoding = 4; lastKnownFileType = sourcecode.c.h; path = newsFeed.h; sourceTree = "<group>"; };
		B0E62A941A71E1270067A244 /* newsFeed.m */ = {isa = PBXFileReference; fileEncoding = 4; lastKnownFileType = sourcecode.c.objc; path = newsFeed.m; sourceTree = "<group>"; };
		B0E62A951A71E1270067A244 /* newsFeedManager.h */ = {isa = PBXFileReference; fileEncoding = 4; lastKnownFileType = sourcecode.c.h; path = newsFeedManager.h; sourceTree = "<group>"; };
		B0E62A961A71E1270067A244 /* newsFeedManager.m */ = {isa = PBXFileReference; fileEncoding = 4; lastKnownFileType = sourcecode.c.objc; path = newsFeedManager.m; sourceTree = "<group>"; };
		B0E62A971A71E1270067A244 /* PFDefine.h */ = {isa = PBXFileReference; fileEncoding = 4; lastKnownFileType = sourcecode.c.h; name = PFDefine.h; path = Model/PFDefine.h; sourceTree = "<group>"; };
		B0E62A991A71E1270067A244 /* User.h */ = {isa = PBXFileReference; fileEncoding = 4; lastKnownFileType = sourcecode.c.h; path = User.h; sourceTree = "<group>"; };
		B0E62A9A1A71E1270067A244 /* User.m */ = {isa = PBXFileReference; fileEncoding = 4; lastKnownFileType = sourcecode.c.objc; path = User.m; sourceTree = "<group>"; };
		B0E62AA11A71E1370067A244 /* CustomTabBar.h */ = {isa = PBXFileReference; fileEncoding = 4; lastKnownFileType = sourcecode.c.h; name = CustomTabBar.h; path = Controller/CustomTabBar.h; sourceTree = "<group>"; };
		B0E62AA21A71E1370067A244 /* CustomTabBar.m */ = {isa = PBXFileReference; fileEncoding = 4; lastKnownFileType = sourcecode.c.objc; name = CustomTabBar.m; path = Controller/CustomTabBar.m; sourceTree = "<group>"; };
		B0E62AA31A71E1370067A244 /* InsetTextField.h */ = {isa = PBXFileReference; fileEncoding = 4; lastKnownFileType = sourcecode.c.h; name = InsetTextField.h; path = Controller/InsetTextField.h; sourceTree = "<group>"; };
		B0E62AA41A71E1370067A244 /* InsetTextField.m */ = {isa = PBXFileReference; fileEncoding = 4; lastKnownFileType = sourcecode.c.objc; name = InsetTextField.m; path = Controller/InsetTextField.m; sourceTree = "<group>"; };
		B0E62AC71A71E20C0067A244 /* VBFDoubleSegment.h */ = {isa = PBXFileReference; fileEncoding = 4; lastKnownFileType = sourcecode.c.h; path = VBFDoubleSegment.h; sourceTree = "<group>"; };
		B0E62AC81A71E20C0067A244 /* VBFDoubleSegment.m */ = {isa = PBXFileReference; fileEncoding = 4; lastKnownFileType = sourcecode.c.objc; path = VBFDoubleSegment.m; sourceTree = "<group>"; };
		B0E62AC91A71E20C0067A244 /* VBFPopFlatButton.h */ = {isa = PBXFileReference; fileEncoding = 4; lastKnownFileType = sourcecode.c.h; path = VBFPopFlatButton.h; sourceTree = "<group>"; };
		B0E62ACA1A71E20C0067A244 /* VBFPopFlatButton.m */ = {isa = PBXFileReference; fileEncoding = 4; lastKnownFileType = sourcecode.c.objc; path = VBFPopFlatButton.m; sourceTree = "<group>"; };
		B0E62AD11A71E2670067A244 /* Base */ = {isa = PBXFileReference; lastKnownFileType = sourcecode.c.h; name = Base; path = Base.lproj/CommonDefine.h; sourceTree = "<group>"; };
		B0E911941A63C35100AA8B7E /* Social.framework */ = {isa = PBXFileReference; lastKnownFileType = wrapper.framework; name = Social.framework; path = System/Library/Frameworks/Social.framework; sourceTree = SDKROOT; };
		B0E911961A63C38B00AA8B7E /* Accounts.framework */ = {isa = PBXFileReference; lastKnownFileType = wrapper.framework; name = Accounts.framework; path = System/Library/Frameworks/Accounts.framework; sourceTree = SDKROOT; };
		B0E911A81A63D0C900AA8B7E /* FacebookSDK.framework */ = {isa = PBXFileReference; lastKnownFileType = wrapper.framework; path = FacebookSDK.framework; sourceTree = "<group>"; };
		B0E911AA1A63D0FC00AA8B7E /* Foundation.framework */ = {isa = PBXFileReference; lastKnownFileType = wrapper.framework; name = Foundation.framework; path = System/Library/Frameworks/Foundation.framework; sourceTree = SDKROOT; };
		B0E911AC1A63D11000AA8B7E /* UIKit.framework */ = {isa = PBXFileReference; lastKnownFileType = wrapper.framework; name = UIKit.framework; path = System/Library/Frameworks/UIKit.framework; sourceTree = SDKROOT; };
		B0E911B01A63D14800AA8B7E /* libsqlite3.dylib */ = {isa = PBXFileReference; lastKnownFileType = "compiled.mach-o.dylib"; name = libsqlite3.dylib; path = usr/lib/libsqlite3.dylib; sourceTree = SDKROOT; };
		C68310DD432B01D2C3A6E56C /* libPods.a */ = {isa = PBXFileReference; explicitFileType = archive.ar; includeInIndex = 0; path = libPods.a; sourceTree = BUILT_PRODUCTS_DIR; };
/* End PBXFileReference section */

/* Begin PBXFrameworksBuildPhase section */
		B038E2071A62017D00E660ED /* Frameworks */ = {
			isa = PBXFrameworksBuildPhase;
			buildActionMask = 2147483647;
			files = (
				B0E911B11A63D14800AA8B7E /* libsqlite3.dylib in Frameworks */,
				B0E911AD1A63D11000AA8B7E /* UIKit.framework in Frameworks */,
				B0E911AB1A63D0FC00AA8B7E /* Foundation.framework in Frameworks */,
				B0E911971A63C38B00AA8B7E /* Accounts.framework in Frameworks */,
				B0E911951A63C35100AA8B7E /* Social.framework in Frameworks */,
				B0BE54771A63C0DE000DF8FE /* libz.dylib in Frameworks */,
				B0BE54751A63C0D5000DF8FE /* SystemConfiguration.framework in Frameworks */,
				B0BE54731A63C0CD000DF8FE /* StoreKit.framework in Frameworks */,
				B0BE54711A63C0C6000DF8FE /* Security.framework in Frameworks */,
				B0BE546F1A63C0BF000DF8FE /* QuartzCore.framework in Frameworks */,
				B0E911A91A63D0C900AA8B7E /* FacebookSDK.framework in Frameworks */,
				B0BE546D1A63C0B8000DF8FE /* MobileCoreServices.framework in Frameworks */,
				B0BE546B1A63C0B2000DF8FE /* CoreLocation.framework in Frameworks */,
				B0BE54691A63C0A8000DF8FE /* CoreGraphics.framework in Frameworks */,
				B0BE54671A63C0A0000DF8FE /* CFNetwork.framework in Frameworks */,
				B0BE54651A63C098000DF8FE /* AudioToolbox.framework in Frameworks */,
				D4A7D56F5090AE2A2C1CDE20 /* libPods.a in Frameworks */,
				B0BE54601A63C00D000DF8FE /* Parse.framework in Frameworks */,
			);
			runOnlyForDeploymentPostprocessing = 0;
		};
		B038E2201A62017D00E660ED /* Frameworks */ = {
			isa = PBXFrameworksBuildPhase;
			buildActionMask = 2147483647;
			files = (
			);
			runOnlyForDeploymentPostprocessing = 0;
		};
/* End PBXFrameworksBuildPhase section */

/* Begin PBXGroup section */
		21DE11476FD467067F62544A /* Frameworks */ = {
			isa = PBXGroup;
			children = (
				B0E911B01A63D14800AA8B7E /* libsqlite3.dylib */,
				B0BE54761A63C0DE000DF8FE /* libz.dylib */,
				B0E911961A63C38B00AA8B7E /* Accounts.framework */,
				B0BE54641A63C098000DF8FE /* AudioToolbox.framework */,
				B0E911AC1A63D11000AA8B7E /* UIKit.framework */,
				B0E911AA1A63D0FC00AA8B7E /* Foundation.framework */,
				B0E911A81A63D0C900AA8B7E /* FacebookSDK.framework */,
				B0E911941A63C35100AA8B7E /* Social.framework */,
				B0BE54741A63C0D5000DF8FE /* SystemConfiguration.framework */,
				B0BE54721A63C0CD000DF8FE /* StoreKit.framework */,
				B0BE54701A63C0C6000DF8FE /* Security.framework */,
				B0BE546E1A63C0BF000DF8FE /* QuartzCore.framework */,
				B0BE546C1A63C0B8000DF8FE /* MobileCoreServices.framework */,
				B0BE546A1A63C0B2000DF8FE /* CoreLocation.framework */,
				B0BE54681A63C0A8000DF8FE /* CoreGraphics.framework */,
				B0BE54661A63C0A0000DF8FE /* CFNetwork.framework */,
				B0BE545B1A63C00D000DF8FE /* Parse.framework */,
				C68310DD432B01D2C3A6E56C /* libPods.a */,
			);
			name = Frameworks;
			sourceTree = "<group>";
		};
		566712061A7570E500647D8E /* Kit */ = {
			isa = PBXGroup;
			children = (
				566712071A7570E500647D8E /* CustomActionSheet.h */,
				566712081A7570E500647D8E /* CustomActionSheet.m */,
				566712091A7570E500647D8E /* JCAlertView.h */,
				5667120A1A7570E500647D8E /* JCAlertView.m */,
				5667120B1A7570E500647D8E /* TopPopView */,
				B0ACBD771A7E1BEE00CBA508 /* UIButton+Button.h */,
				B0ACBD781A7E1BEE00CBA508 /* UIButton+Button.m */,
			);
			name = Kit;
			path = JCKit;
			sourceTree = "<group>";
		};
		5667120B1A7570E500647D8E /* TopPopView */ = {
			isa = PBXGroup;
			children = (
				5667120C1A7570E500647D8E /* PopCollectionViewCell.h */,
				5667120D1A7570E500647D8E /* PopCollectionViewCell.m */,
				5667120E1A7570E500647D8E /* PopTableViewCell.h */,
				5667120F1A7570E500647D8E /* PopTableViewCell.m */,
				566712101A7570E500647D8E /* TopPopView.h */,
				566712111A7570E500647D8E /* TopPopView.m */,
			);
			path = TopPopView;
			sourceTree = "<group>";
		};
		5667121A1A75717100647D8E /* CustomAnimationView */ = {
			isa = PBXGroup;
			children = (
				5667121B1A75717100647D8E /* CustomAnimationView.h */,
				5667121C1A75717100647D8E /* CustomAnimationView.m */,
				5667121D1A75717100647D8E /* CustomItem.h */,
				5667121E1A75717100647D8E /* CustomItem.m */,
				5667121F1A75717100647D8E /* LiveBlur */,
			);
			path = CustomAnimationView;
			sourceTree = "<group>";
		};
		5667121F1A75717100647D8E /* LiveBlur */ = {
			isa = PBXGroup;
			children = (
				566712201A75717100647D8E /* DRNRealTimeBlurView.h */,
				566712211A75717100647D8E /* DRNRealTimeBlurView.m */,
				566712221A75717100647D8E /* UIImage+BoxBlur.h */,
				566712231A75717100647D8E /* UIImage+BoxBlur.m */,
			);
			path = LiveBlur;
			sourceTree = "<group>";
		};
		90D82FEB2D6CA1ACF734558D /* Pods */ = {
			isa = PBXGroup;
			children = (
				8320CE4774A8B8F676888D9D /* Pods.debug.xcconfig */,
				091258C1AC96E7FF03934F2B /* Pods.release.xcconfig */,
			);
			name = Pods;
			sourceTree = "<group>";
		};
		B03282071A74B589001BAA34 /* Comment */ = {
			isa = PBXGroup;
			children = (
				B03282081A74B5AC001BAA34 /* Comment.h */,
				B03282091A74B5AC001BAA34 /* Comment.m */,
			);
			name = Comment;
			path = Model/Comment;
			sourceTree = "<group>";
		};
		B038E2011A62017D00E660ED = {
			isa = PBXGroup;
			children = (
				B038E20C1A62017D00E660ED /* touch */,
				B038E2261A62017D00E660ED /* touchTests */,
				B038E20B1A62017D00E660ED /* Products */,
				90D82FEB2D6CA1ACF734558D /* Pods */,
				21DE11476FD467067F62544A /* Frameworks */,
			);
			sourceTree = "<group>";
		};
		B038E20B1A62017D00E660ED /* Products */ = {
			isa = PBXGroup;
			children = (
				B038E20A1A62017D00E660ED /* touch.app */,
				B038E2231A62017D00E660ED /* touchTests.xctest */,
			);
			name = Products;
			sourceTree = "<group>";
		};
		B038E20C1A62017D00E660ED /* touch */ = {
			isa = PBXGroup;
			children = (
				566712061A7570E500647D8E /* Kit */,
				B0E62AD01A71E2670067A244 /* CommonDefine.h */,
				B038E2111A62017D00E660ED /* AppDelegate.h */,
				B038E2121A62017D00E660ED /* AppDelegate.m */,
				B074B7461A68DE0000EF304E /* Util */,
				B038E2341A6238AE00E660ED /* Resources */,
				B038E2351A6238B600E660ED /* Model */,
				B038E2381A6238D000E660ED /* Controller */,
				B038E2171A62017D00E660ED /* Main.storyboard */,
				B038E21A1A62017D00E660ED /* Images.xcassets */,
				B038E21C1A62017D00E660ED /* LaunchScreen.xib */,
				B038E20D1A62017D00E660ED /* Supporting Files */,
			);
			path = touch;
			sourceTree = "<group>";
		};
		B038E20D1A62017D00E660ED /* Supporting Files */ = {
			isa = PBXGroup;
			children = (
				B038E20E1A62017D00E660ED /* Info.plist */,
				B038E20F1A62017D00E660ED /* main.m */,
			);
			name = "Supporting Files";
			sourceTree = "<group>";
		};
		B038E2261A62017D00E660ED /* touchTests */ = {
			isa = PBXGroup;
			children = (
				B038E2291A62017D00E660ED /* touchTests.m */,
				B038E2271A62017D00E660ED /* Supporting Files */,
			);
			path = touchTests;
			sourceTree = "<group>";
		};
		B038E2271A62017D00E660ED /* Supporting Files */ = {
			isa = PBXGroup;
			children = (
				B038E2281A62017D00E660ED /* Info.plist */,
			);
			name = "Supporting Files";
			sourceTree = "<group>";
		};
		B038E2341A6238AE00E660ED /* Resources */ = {
			isa = PBXGroup;
			children = (
				B0E62A791A71E1160067A244 /* TabBar */,
				B0E62A6E1A71E10C0067A244 /* Intro&Guide */,
				B048AC691A64D3ED000C1D71 /* Login&Signup */,
			);
			name = Resources;
			sourceTree = "<group>";
		};
		B038E2351A6238B600E660ED /* Model */ = {
			isa = PBXGroup;
			children = (
				B03282071A74B589001BAA34 /* Comment */,
				B0E62A8A1A71E1270067A244 /* Event */,
				B0E62A8F1A71E1270067A244 /* Image */,
				B0E62A921A71E1270067A244 /* NewsFeed */,
				B0E62A971A71E1270067A244 /* PFDefine.h */,
				B0E62A981A71E1270067A244 /* User */,
			);
			name = Model;
			sourceTree = "<group>";
		};
		B038E2381A6238D000E660ED /* Controller */ = {
			isa = PBXGroup;
			children = (
				B086863E1A7EC5240046CC9D /* NewEvent */,
				B08686451A7EC5240046CC9D /* NewStatus */,
				B0ACBD481A7DFAEF00CBA508 /* Entry */,
				B0ACBD541A7DFAEF00CBA508 /* Newsfeed */,
				B0E62AA11A71E1370067A244 /* CustomTabBar.h */,
				B0E62AA21A71E1370067A244 /* CustomTabBar.m */,
				B0E62AA31A71E1370067A244 /* InsetTextField.h */,
				B0E62AA41A71E1370067A244 /* InsetTextField.m */,
			);
			name = Controller;
			sourceTree = "<group>";
		};
		B048AC691A64D3ED000C1D71 /* Login&Signup */ = {
			isa = PBXGroup;
			children = (
				B0E62A5E1A71E0F70067A244 /* fb_icon.png */,
				B0E62A5F1A71E0F70067A244 /* instagram.png */,
				B0E62A601A71E0F70067A244 /* loginBackground@2x.png */,
				B0E62A611A71E0F70067A244 /* logoTemp@2x.png */,
				B0E62A621A71E0F70067A244 /* personal_icon_back@2x.png */,
				B0E62A631A71E0F70067A244 /* picsample@2x.png */,
				B0E62A641A71E0F70067A244 /* twitter.png */,
				B0E62A651A71E0F70067A244 /* xiaolajiao@2x.png */,
			);
			name = "Login&Signup";
			sourceTree = "<group>";
		};
		B074B7461A68DE0000EF304E /* Util */ = {
			isa = PBXGroup;
			children = (
				5667121A1A75717100647D8E /* CustomAnimationView */,
				B0E62AC61A71E20C0067A244 /* VBFPopFlatButtonClasses */,
				B0E629E31A71E0860067A244 /* ProgressHUD.bundle */,
				B0E629E41A71E0860067A244 /* ProgressHUD.h */,
				B0E629E51A71E0860067A244 /* ProgressHUD.m */,
			);
			name = Util;
			path = ..;
			sourceTree = "<group>";
		};
		B086863E1A7EC5240046CC9D /* NewEvent */ = {
			isa = PBXGroup;
			children = (
				B086863F1A7EC5240046CC9D /* ActivityTypeViewController.h */,
				B08686401A7EC5240046CC9D /* ActivityTypeViewController.m */,
				B08686411A7EC5240046CC9D /* ActivityTypeViewController.xib */,
				B08686421A7EC5240046CC9D /* CampaignViewController.h */,
				B08686431A7EC5240046CC9D /* CampaignViewController.m */,
				B08686441A7EC5240046CC9D /* CampaignViewController.xib */,
				B08686521A7EC6250046CC9D /* ActivityTypeCell.h */,
				B08686531A7EC6250046CC9D /* ActivityTypeCell.m */,
				B08686571A7EC8EF0046CC9D /* ActivityTypeCell.xib */,
			);
			name = NewEvent;
			path = Controller/NewEvent;
			sourceTree = "<group>";
		};
		B08686451A7EC5240046CC9D /* NewStatus */ = {
			isa = PBXGroup;
			children = (
				B08686461A7EC5240046CC9D /* NewStatusViewController.h */,
				B08686471A7EC5240046CC9D /* NewStatusViewController.m */,
				B08686481A7EC5240046CC9D /* NewStatusViewController.xib */,
				B08686491A7EC5240046CC9D /* SZTextView.h */,
				B086864A1A7EC5240046CC9D /* SZTextView.m */,
			);
			name = NewStatus;
			path = Controller/NewStatus;
			sourceTree = "<group>";
		};
		B0ACBD481A7DFAEF00CBA508 /* Entry */ = {
			isa = PBXGroup;
			children = (
				B0ACBD491A7DFAEF00CBA508 /* IntroViewController.h */,
				B0ACBD4A1A7DFAEF00CBA508 /* IntroViewController.m */,
				B0ACBD4B1A7DFAEF00CBA508 /* LoginViewController.h */,
				B0ACBD4C1A7DFAEF00CBA508 /* LoginViewController.m */,
				B0ACBD4D1A7DFAEF00CBA508 /* LoginViewController.xib */,
				B0ACBD4E1A7DFAEF00CBA508 /* StepOneViewController.h */,
				B0ACBD4F1A7DFAEF00CBA508 /* StepOneViewController.m */,
				B0ACBD501A7DFAEF00CBA508 /* StepOneViewController.xib */,
				B0ACBD511A7DFAEF00CBA508 /* StepTwoViewController.h */,
				B0ACBD521A7DFAEF00CBA508 /* StepTwoViewController.m */,
				B0ACBD531A7DFAEF00CBA508 /* StepTwoViewController.xib */,
			);
			name = Entry;
			path = Controller/Entry;
			sourceTree = "<group>";
		};
		B0ACBD541A7DFAEF00CBA508 /* Newsfeed */ = {
			isa = PBXGroup;
			children = (
				B0ACBD551A7DFAEF00CBA508 /* ActivityListViewController.h */,
				B0ACBD561A7DFAEF00CBA508 /* ActivityListViewController.m */,
				B0ACBD571A7DFAEF00CBA508 /* ActivityListViewController.xib */,
				B0ACBD581A7DFAEF00CBA508 /* ActivityViewController.h */,
				B0ACBD591A7DFAEF00CBA508 /* ActivityViewController.m */,
				B0ACBD5A1A7DFAEF00CBA508 /* ActivityViewController.xib */,
				B0ACBD5B1A7DFAF000CBA508 /* UserHeadImageView.h */,
				B0ACBD5C1A7DFAF000CBA508 /* UserHeadImageView.m */,
			);
			name = Newsfeed;
			path = Controller/Newsfeed;
			sourceTree = "<group>";
		};
		B0E62A6E1A71E10C0067A244 /* Intro&Guide */ = {
			isa = PBXGroup;
			children = (
				B0E62A6F1A71E10C0067A244 /* meet@2x.png */,
				B0E62A701A71E10C0067A244 /* partner@2x.png */,
				B0E62A711A71E10C0067A244 /* review@2x.png */,
				B0E62A721A71E10C0067A244 /* study@2x.png */,
				B0E62A731A71E10C0067A244 /* touch@2x.png */,
			);
			name = "Intro&Guide";
			path = "Resources/Intro&Guide";
			sourceTree = "<group>";
		};
		B0E62A791A71E1160067A244 /* TabBar */ = {
			isa = PBXGroup;
			children = (
				B0E62A7A1A71E1160067A244 /* tab_activity@2x.png */,
				B0E62A7B1A71E1160067A244 /* tab_activity_p@2x.png */,
				B0E62A7C1A71E1160067A244 /* tab_message@2x.png */,
				B0E62A7D1A71E1160067A244 /* tab_message_p@2x.png */,
				B0E62A7E1A71E1160067A244 /* tab_square@2x.png */,
				B0E62A7F1A71E1160067A244 /* tab_square_p@2x.png */,
				B0E62A801A71E1160067A244 /* tab_user@2x.png */,
				B0E62A811A71E1160067A244 /* tab_user_p@2x.png */,
			);
			name = TabBar;
			path = Resources/TabBar;
			sourceTree = "<group>";
		};
		B0E62A8A1A71E1270067A244 /* Event */ = {
			isa = PBXGroup;
			children = (
				B0E62A8B1A71E1270067A244 /* Event.h */,
				B0E62A8C1A71E1270067A244 /* Event.m */,
				B0E62A8D1A71E1270067A244 /* EventManager.h */,
				B0E62A8E1A71E1270067A244 /* EventManager.m */,
			);
			name = Event;
			path = Model/Event;
			sourceTree = "<group>";
		};
		B0E62A8F1A71E1270067A244 /* Image */ = {
			isa = PBXGroup;
			children = (
				B0E62A901A71E1270067A244 /* Image.h */,
				B0E62A911A71E1270067A244 /* Image.m */,
			);
			name = Image;
			path = Model/Image;
			sourceTree = "<group>";
		};
		B0E62A921A71E1270067A244 /* NewsFeed */ = {
			isa = PBXGroup;
			children = (
				B0E62A931A71E1270067A244 /* newsFeed.h */,
				B0E62A941A71E1270067A244 /* newsFeed.m */,
				B0E62A951A71E1270067A244 /* newsFeedManager.h */,
				B0E62A961A71E1270067A244 /* newsFeedManager.m */,
			);
			name = NewsFeed;
			path = Model/NewsFeed;
			sourceTree = "<group>";
		};
		B0E62A981A71E1270067A244 /* User */ = {
			isa = PBXGroup;
			children = (
				B0E62A991A71E1270067A244 /* User.h */,
				B0E62A9A1A71E1270067A244 /* User.m */,
			);
			name = User;
			path = Model/User;
			sourceTree = "<group>";
		};
		B0E62AC61A71E20C0067A244 /* VBFPopFlatButtonClasses */ = {
			isa = PBXGroup;
			children = (
				B0E62AC71A71E20C0067A244 /* VBFDoubleSegment.h */,
				B0E62AC81A71E20C0067A244 /* VBFDoubleSegment.m */,
				B0E62AC91A71E20C0067A244 /* VBFPopFlatButton.h */,
				B0E62ACA1A71E20C0067A244 /* VBFPopFlatButton.m */,
			);
			name = VBFPopFlatButtonClasses;
			path = touch/Util/VBFPopFlatButtonClasses;
			sourceTree = "<group>";
		};
/* End PBXGroup section */

/* Begin PBXNativeTarget section */
		B038E2091A62017D00E660ED /* touch */ = {
			isa = PBXNativeTarget;
			buildConfigurationList = B038E22D1A62017D00E660ED /* Build configuration list for PBXNativeTarget "touch" */;
			buildPhases = (
				043C11CD73F4CFC01B5A899B /* Check Pods Manifest.lock */,
				B038E2061A62017D00E660ED /* Sources */,
				B038E2071A62017D00E660ED /* Frameworks */,
				B038E2081A62017D00E660ED /* Resources */,
				096C4DB0F4377B58AEC30908 /* Copy Pods Resources */,
			);
			buildRules = (
			);
			dependencies = (
			);
			name = touch;
			productName = touch;
			productReference = B038E20A1A62017D00E660ED /* touch.app */;
			productType = "com.apple.product-type.application";
		};
		B038E2221A62017D00E660ED /* touchTests */ = {
			isa = PBXNativeTarget;
			buildConfigurationList = B038E2301A62017D00E660ED /* Build configuration list for PBXNativeTarget "touchTests" */;
			buildPhases = (
				B038E21F1A62017D00E660ED /* Sources */,
				B038E2201A62017D00E660ED /* Frameworks */,
				B038E2211A62017D00E660ED /* Resources */,
			);
			buildRules = (
			);
			dependencies = (
				B038E2251A62017D00E660ED /* PBXTargetDependency */,
			);
			name = touchTests;
			productName = touchTests;
			productReference = B038E2231A62017D00E660ED /* touchTests.xctest */;
			productType = "com.apple.product-type.bundle.unit-test";
		};
/* End PBXNativeTarget section */

/* Begin PBXProject section */
		B038E2021A62017D00E660ED /* Project object */ = {
			isa = PBXProject;
			attributes = {
				LastUpgradeCheck = 0610;
				ORGANIZATIONNAME = cs48;
				TargetAttributes = {
					B038E2091A62017D00E660ED = {
						CreatedOnToolsVersion = 6.1.1;
						DevelopmentTeam = AQNTGEWRNX;
					};
					B038E2221A62017D00E660ED = {
						CreatedOnToolsVersion = 6.1.1;
						DevelopmentTeam = AQNTGEWRNX;
						TestTargetID = B038E2091A62017D00E660ED;
					};
				};
			};
			buildConfigurationList = B038E2051A62017D00E660ED /* Build configuration list for PBXProject "touch" */;
			compatibilityVersion = "Xcode 3.2";
			developmentRegion = English;
			hasScannedForEncodings = 0;
			knownRegions = (
				en,
				Base,
			);
			mainGroup = B038E2011A62017D00E660ED;
			productRefGroup = B038E20B1A62017D00E660ED /* Products */;
			projectDirPath = "";
			projectRoot = "";
			targets = (
				B038E2091A62017D00E660ED /* touch */,
				B038E2221A62017D00E660ED /* touchTests */,
			);
		};
/* End PBXProject section */

/* Begin PBXResourcesBuildPhase section */
		B038E2081A62017D00E660ED /* Resources */ = {
			isa = PBXResourcesBuildPhase;
			buildActionMask = 2147483647;
			files = (
				B0E62A6B1A71E0F70067A244 /* picsample@2x.png in Resources */,
				B0E62A661A71E0F70067A244 /* fb_icon.png in Resources */,
				B0E62A771A71E10C0067A244 /* study@2x.png in Resources */,
				B0ACBD671A7DFAF000CBA508 /* ActivityViewController.xib in Resources */,
				B0ACBD631A7DFAF000CBA508 /* StepTwoViewController.xib in Resources */,
				B0E62A671A71E0F70067A244 /* instagram.png in Resources */,
				B08686581A7EC8EF0046CC9D /* ActivityTypeCell.xib in Resources */,
				B0E62A871A71E1160067A244 /* tab_square_p@2x.png in Resources */,
				B0E62A821A71E1160067A244 /* tab_activity@2x.png in Resources */,
				B0E62A851A71E1160067A244 /* tab_message_p@2x.png in Resources */,
				B0E62A861A71E1160067A244 /* tab_square@2x.png in Resources */,
				B086864E1A7EC5240046CC9D /* CampaignViewController.xib in Resources */,
				B0E62A491A71E0860067A244 /* ProgressHUD.bundle in Resources */,
				B038E2191A62017D00E660ED /* Main.storyboard in Resources */,
				B0E62A831A71E1160067A244 /* tab_activity_p@2x.png in Resources */,
				B0E62A881A71E1160067A244 /* tab_user@2x.png in Resources */,
				B0E62A751A71E10C0067A244 /* partner@2x.png in Resources */,
				B0E62A691A71E0F70067A244 /* logoTemp@2x.png in Resources */,
				B08686501A7EC5240046CC9D /* NewStatusViewController.xib in Resources */,
				B0E62A6A1A71E0F70067A244 /* personal_icon_back@2x.png in Resources */,
				B0E62A841A71E1160067A244 /* tab_message@2x.png in Resources */,
				B0E62A781A71E10C0067A244 /* touch@2x.png in Resources */,
				B0E62A6D1A71E0F70067A244 /* xiaolajiao@2x.png in Resources */,
				B0ACBD651A7DFAF000CBA508 /* ActivityListViewController.xib in Resources */,
				B0E62A681A71E0F70067A244 /* loginBackground@2x.png in Resources */,
				B086864C1A7EC5240046CC9D /* ActivityTypeViewController.xib in Resources */,
				B038E21E1A62017D00E660ED /* LaunchScreen.xib in Resources */,
				B0E62A6C1A71E0F70067A244 /* twitter.png in Resources */,
				B0ACBD611A7DFAF000CBA508 /* StepOneViewController.xib in Resources */,
				B0E62A761A71E10C0067A244 /* review@2x.png in Resources */,
				B0ACBD5F1A7DFAF000CBA508 /* LoginViewController.xib in Resources */,
				B0E62A891A71E1160067A244 /* tab_user_p@2x.png in Resources */,
				B038E21B1A62017D00E660ED /* Images.xcassets in Resources */,
				B0E62A741A71E10C0067A244 /* meet@2x.png in Resources */,
			);
			runOnlyForDeploymentPostprocessing = 0;
		};
		B038E2211A62017D00E660ED /* Resources */ = {
			isa = PBXResourcesBuildPhase;
			buildActionMask = 2147483647;
			files = (
			);
			runOnlyForDeploymentPostprocessing = 0;
		};
/* End PBXResourcesBuildPhase section */

/* Begin PBXShellScriptBuildPhase section */
		043C11CD73F4CFC01B5A899B /* Check Pods Manifest.lock */ = {
			isa = PBXShellScriptBuildPhase;
			buildActionMask = 2147483647;
			files = (
			);
			inputPaths = (
			);
			name = "Check Pods Manifest.lock";
			outputPaths = (
			);
			runOnlyForDeploymentPostprocessing = 0;
			shellPath = /bin/sh;
			shellScript = "diff \"${PODS_ROOT}/../Podfile.lock\" \"${PODS_ROOT}/Manifest.lock\" > /dev/null\nif [[ $? != 0 ]] ; then\n    cat << EOM\nerror: The sandbox is not in sync with the Podfile.lock. Run 'pod install' or update your CocoaPods installation.\nEOM\n    exit 1\nfi\n";
			showEnvVarsInLog = 0;
		};
		096C4DB0F4377B58AEC30908 /* Copy Pods Resources */ = {
			isa = PBXShellScriptBuildPhase;
			buildActionMask = 2147483647;
			files = (
			);
			inputPaths = (
			);
			name = "Copy Pods Resources";
			outputPaths = (
			);
			runOnlyForDeploymentPostprocessing = 0;
			shellPath = /bin/sh;
			shellScript = "\"${SRCROOT}/Pods/Target Support Files/Pods/Pods-resources.sh\"\n";
			showEnvVarsInLog = 0;
		};
/* End PBXShellScriptBuildPhase section */

/* Begin PBXSourcesBuildPhase section */
		B038E2061A62017D00E660ED /* Sources */ = {
			isa = PBXSourcesBuildPhase;
			buildActionMask = 2147483647;
			files = (
				B08686551A7EC6250046CC9D /* ActivityTypeCell.m in Sources */,
				B0E62AB41A71E1370067A244 /* InsetTextField.m in Sources */,
				B038E2131A62017D00E660ED /* AppDelegate.m in Sources */,
				B0ACBD5E1A7DFAF000CBA508 /* LoginViewController.m in Sources */,
				B032820A1A74B5AC001BAA34 /* Comment.m in Sources */,
				B0E62AB31A71E1370067A244 /* CustomTabBar.m in Sources */,
				B086864B1A7EC5240046CC9D /* ActivityTypeViewController.m in Sources */,
				B0E62A9C1A71E1270067A244 /* EventManager.m in Sources */,
				B0ACBD791A7E1BEE00CBA508 /* UIButton+Button.m in Sources */,
				B0E62AA01A71E1270067A244 /* User.m in Sources */,
				B038E2101A62017D00E660ED /* main.m in Sources */,
				B0E62A9D1A71E1270067A244 /* Image.m in Sources */,
				B08686511A7EC5240046CC9D /* SZTextView.m in Sources */,
				566712141A7570E500647D8E /* CustomActionSheet.m in Sources */,
				B0ACBD5D1A7DFAF000CBA508 /* IntroViewController.m in Sources */,
				B0ACBD681A7DFAF000CBA508 /* UserHeadImageView.m in Sources */,
				566712251A75717100647D8E /* CustomItem.m in Sources */,
				566712271A75717100647D8E /* UIImage+BoxBlur.m in Sources */,
				B0E62A9B1A71E1270067A244 /* Event.m in Sources */,
				B086864F1A7EC5240046CC9D /* NewStatusViewController.m in Sources */,
				B0E62A9F1A71E1270067A244 /* newsFeedManager.m in Sources */,
				B0E62A9E1A71E1270067A244 /* newsFeed.m in Sources */,
				566712151A7570E500647D8E /* JCAlertView.m in Sources */,
				B0E62ACE1A71E20C0067A244 /* VBFDoubleSegment.m in Sources */,
				B0ACBD661A7DFAF000CBA508 /* ActivityViewController.m in Sources */,
				B0E62ACF1A71E20C0067A244 /* VBFPopFlatButton.m in Sources */,
				B0E62A4A1A71E0860067A244 /* ProgressHUD.m in Sources */,
				566712261A75717100647D8E /* DRNRealTimeBlurView.m in Sources */,
				B0ACBD601A7DFAF000CBA508 /* StepOneViewController.m in Sources */,
				B086864D1A7EC5240046CC9D /* CampaignViewController.m in Sources */,
				566712161A7570E500647D8E /* PopCollectionViewCell.m in Sources */,
				566712241A75717100647D8E /* CustomAnimationView.m in Sources */,
				B0ACBD641A7DFAF000CBA508 /* ActivityListViewController.m in Sources */,
				566712181A7570E500647D8E /* TopPopView.m in Sources */,
				566712171A7570E500647D8E /* PopTableViewCell.m in Sources */,
				B0ACBD621A7DFAF000CBA508 /* StepTwoViewController.m in Sources */,
			);
			runOnlyForDeploymentPostprocessing = 0;
		};
		B038E21F1A62017D00E660ED /* Sources */ = {
			isa = PBXSourcesBuildPhase;
			buildActionMask = 2147483647;
			files = (
				B038E22A1A62017D00E660ED /* touchTests.m in Sources */,
			);
			runOnlyForDeploymentPostprocessing = 0;
		};
/* End PBXSourcesBuildPhase section */

/* Begin PBXTargetDependency section */
		B038E2251A62017D00E660ED /* PBXTargetDependency */ = {
			isa = PBXTargetDependency;
			target = B038E2091A62017D00E660ED /* touch */;
			targetProxy = B038E2241A62017D00E660ED /* PBXContainerItemProxy */;
		};
/* End PBXTargetDependency section */

/* Begin PBXVariantGroup section */
		B038E2171A62017D00E660ED /* Main.storyboard */ = {
			isa = PBXVariantGroup;
			children = (
				B038E2181A62017D00E660ED /* Base */,
			);
			name = Main.storyboard;
			sourceTree = "<group>";
		};
		B038E21C1A62017D00E660ED /* LaunchScreen.xib */ = {
			isa = PBXVariantGroup;
			children = (
				B038E21D1A62017D00E660ED /* Base */,
			);
			name = LaunchScreen.xib;
			sourceTree = "<group>";
		};
		B0E62AD01A71E2670067A244 /* CommonDefine.h */ = {
			isa = PBXVariantGroup;
			children = (
				B0E62AD11A71E2670067A244 /* Base */,
			);
			name = CommonDefine.h;
			sourceTree = "<group>";
		};
/* End PBXVariantGroup section */

/* Begin XCBuildConfiguration section */
		B038E22B1A62017D00E660ED /* Debug */ = {
			isa = XCBuildConfiguration;
			buildSettings = {
				ALWAYS_SEARCH_USER_PATHS = NO;
				CLANG_CXX_LANGUAGE_STANDARD = "gnu++0x";
				CLANG_CXX_LIBRARY = "libc++";
				CLANG_ENABLE_MODULES = YES;
				CLANG_ENABLE_OBJC_ARC = YES;
				CLANG_WARN_BOOL_CONVERSION = YES;
				CLANG_WARN_CONSTANT_CONVERSION = YES;
				CLANG_WARN_DIRECT_OBJC_ISA_USAGE = YES_ERROR;
				CLANG_WARN_EMPTY_BODY = YES;
				CLANG_WARN_ENUM_CONVERSION = YES;
				CLANG_WARN_INT_CONVERSION = YES;
				CLANG_WARN_OBJC_ROOT_CLASS = YES_ERROR;
				CLANG_WARN_UNREACHABLE_CODE = YES;
				CLANG_WARN__DUPLICATE_METHOD_MATCH = YES;
				"CODE_SIGN_IDENTITY[sdk=iphoneos*]" = "iPhone Developer";
				COPY_PHASE_STRIP = NO;
				ENABLE_STRICT_OBJC_MSGSEND = YES;
				GCC_C_LANGUAGE_STANDARD = gnu99;
				GCC_DYNAMIC_NO_PIC = NO;
				GCC_OPTIMIZATION_LEVEL = 0;
				GCC_PREPROCESSOR_DEFINITIONS = (
					"DEBUG=1",
					"$(inherited)",
				);
				GCC_SYMBOLS_PRIVATE_EXTERN = NO;
				GCC_WARN_64_TO_32_BIT_CONVERSION = YES;
				GCC_WARN_ABOUT_RETURN_TYPE = YES_ERROR;
				GCC_WARN_UNDECLARED_SELECTOR = YES;
				GCC_WARN_UNINITIALIZED_AUTOS = YES_AGGRESSIVE;
				GCC_WARN_UNUSED_FUNCTION = YES;
				GCC_WARN_UNUSED_VARIABLE = YES;
				IPHONEOS_DEPLOYMENT_TARGET = 8.1;
				MTL_ENABLE_DEBUG_INFO = YES;
				ONLY_ACTIVE_ARCH = YES;
				SDKROOT = iphoneos;
			};
			name = Debug;
		};
		B038E22C1A62017D00E660ED /* Release */ = {
			isa = XCBuildConfiguration;
			buildSettings = {
				ALWAYS_SEARCH_USER_PATHS = NO;
				CLANG_CXX_LANGUAGE_STANDARD = "gnu++0x";
				CLANG_CXX_LIBRARY = "libc++";
				CLANG_ENABLE_MODULES = YES;
				CLANG_ENABLE_OBJC_ARC = YES;
				CLANG_WARN_BOOL_CONVERSION = YES;
				CLANG_WARN_CONSTANT_CONVERSION = YES;
				CLANG_WARN_DIRECT_OBJC_ISA_USAGE = YES_ERROR;
				CLANG_WARN_EMPTY_BODY = YES;
				CLANG_WARN_ENUM_CONVERSION = YES;
				CLANG_WARN_INT_CONVERSION = YES;
				CLANG_WARN_OBJC_ROOT_CLASS = YES_ERROR;
				CLANG_WARN_UNREACHABLE_CODE = YES;
				CLANG_WARN__DUPLICATE_METHOD_MATCH = YES;
				"CODE_SIGN_IDENTITY[sdk=iphoneos*]" = "iPhone Developer";
				COPY_PHASE_STRIP = YES;
				ENABLE_NS_ASSERTIONS = NO;
				ENABLE_STRICT_OBJC_MSGSEND = YES;
				GCC_C_LANGUAGE_STANDARD = gnu99;
				GCC_WARN_64_TO_32_BIT_CONVERSION = YES;
				GCC_WARN_ABOUT_RETURN_TYPE = YES_ERROR;
				GCC_WARN_UNDECLARED_SELECTOR = YES;
				GCC_WARN_UNINITIALIZED_AUTOS = YES_AGGRESSIVE;
				GCC_WARN_UNUSED_FUNCTION = YES;
				GCC_WARN_UNUSED_VARIABLE = YES;
				IPHONEOS_DEPLOYMENT_TARGET = 8.1;
				MTL_ENABLE_DEBUG_INFO = NO;
				SDKROOT = iphoneos;
				VALIDATE_PRODUCT = YES;
			};
			name = Release;
		};
		B038E22E1A62017D00E660ED /* Debug */ = {
			isa = XCBuildConfiguration;
			baseConfigurationReference = 8320CE4774A8B8F676888D9D /* Pods.debug.xcconfig */;
			buildSettings = {
				ASSETCATALOG_COMPILER_APPICON_NAME = AppIcon;
				FRAMEWORK_SEARCH_PATHS = (
					"$(inherited)",
					"$(PROJECT_DIR)",
				);
				INFOPLIST_FILE = touch/Info.plist;
				LD_RUNPATH_SEARCH_PATHS = "$(inherited) @executable_path/Frameworks";
				LIBRARY_SEARCH_PATHS = (
					"$(inherited)",
					"$(PROJECT_DIR)/VBFPopFlatButtonClasses/BaiduMap_IOSSDK_v2",
					"$(PROJECT_DIR)/touch/Util/VBFPopFlatButtonClasses/BaiduMap_IOSSDK_v2",
				);
				PRODUCT_NAME = "$(TARGET_NAME)";
			};
			name = Debug;
		};
		B038E22F1A62017D00E660ED /* Release */ = {
			isa = XCBuildConfiguration;
			baseConfigurationReference = 091258C1AC96E7FF03934F2B /* Pods.release.xcconfig */;
			buildSettings = {
				ASSETCATALOG_COMPILER_APPICON_NAME = AppIcon;
				FRAMEWORK_SEARCH_PATHS = (
					"$(inherited)",
					"$(PROJECT_DIR)",
				);
				INFOPLIST_FILE = touch/Info.plist;
				LD_RUNPATH_SEARCH_PATHS = "$(inherited) @executable_path/Frameworks";
				LIBRARY_SEARCH_PATHS = (
					"$(inherited)",
					"$(PROJECT_DIR)/VBFPopFlatButtonClasses/BaiduMap_IOSSDK_v2",
					"$(PROJECT_DIR)/touch/Util/VBFPopFlatButtonClasses/BaiduMap_IOSSDK_v2",
				);
				PRODUCT_NAME = "$(TARGET_NAME)";
			};
			name = Release;
		};
		B038E2311A62017D00E660ED /* Debug */ = {
			isa = XCBuildConfiguration;
			buildSettings = {
				BUNDLE_LOADER = "$(TEST_HOST)";
				FRAMEWORK_SEARCH_PATHS = (
					"$(SDKROOT)/Developer/Library/Frameworks",
					"$(inherited)",
				);
				GCC_PREPROCESSOR_DEFINITIONS = (
					"DEBUG=1",
					"$(inherited)",
				);
				INFOPLIST_FILE = touchTests/Info.plist;
				LD_RUNPATH_SEARCH_PATHS = "$(inherited) @executable_path/Frameworks @loader_path/Frameworks";
				PRODUCT_NAME = "$(TARGET_NAME)";
				TEST_HOST = "$(BUILT_PRODUCTS_DIR)/touch.app/touch";
			};
			name = Debug;
		};
		B038E2321A62017D00E660ED /* Release */ = {
			isa = XCBuildConfiguration;
			buildSettings = {
				BUNDLE_LOADER = "$(TEST_HOST)";
				FRAMEWORK_SEARCH_PATHS = (
					"$(SDKROOT)/Developer/Library/Frameworks",
					"$(inherited)",
				);
				INFOPLIST_FILE = touchTests/Info.plist;
				LD_RUNPATH_SEARCH_PATHS = "$(inherited) @executable_path/Frameworks @loader_path/Frameworks";
				PRODUCT_NAME = "$(TARGET_NAME)";
				TEST_HOST = "$(BUILT_PRODUCTS_DIR)/touch.app/touch";
			};
			name = Release;
		};
/* End XCBuildConfiguration section */

/* Begin XCConfigurationList section */
		B038E2051A62017D00E660ED /* Build configuration list for PBXProject "touch" */ = {
			isa = XCConfigurationList;
			buildConfigurations = (
				B038E22B1A62017D00E660ED /* Debug */,
				B038E22C1A62017D00E660ED /* Release */,
			);
			defaultConfigurationIsVisible = 0;
			defaultConfigurationName = Release;
		};
		B038E22D1A62017D00E660ED /* Build configuration list for PBXNativeTarget "touch" */ = {
			isa = XCConfigurationList;
			buildConfigurations = (
				B038E22E1A62017D00E660ED /* Debug */,
				B038E22F1A62017D00E660ED /* Release */,
			);
			defaultConfigurationIsVisible = 0;
			defaultConfigurationName = Release;
		};
		B038E2301A62017D00E660ED /* Build configuration list for PBXNativeTarget "touchTests" */ = {
			isa = XCConfigurationList;
			buildConfigurations = (
				B038E2311A62017D00E660ED /* Debug */,
				B038E2321A62017D00E660ED /* Release */,
			);
			defaultConfigurationIsVisible = 0;
			defaultConfigurationName = Release;
		};
/* End XCConfigurationList section */
	};
	rootObject = B038E2021A62017D00E660ED /* Project object */;
}
