// !$*UTF8*$!
{
	archiveVersion = 1;
	classes = {
	};
	objectVersion = 46;
	objects = {

/* Begin PBXBuildFile section */
		B016F0AC1A63303B000291FB /* IntroViewController.m in Sources */ = {isa = PBXBuildFile; fileRef = B016F0AB1A63303B000291FB /* IntroViewController.m */; };
		B016F0B01A633E6F000291FB /* study@2x.png in Resources */ = {isa = PBXBuildFile; fileRef = B016F0AF1A633E6F000291FB /* study@2x.png */; };
		B02490551A65CFA20078AAD4 /* loginBackground@2x.png in Resources */ = {isa = PBXBuildFile; fileRef = B02490541A65CFA20078AAD4 /* loginBackground@2x.png */; };
		B02490571A65CFAB0078AAD4 /* logoTemp@2x.png in Resources */ = {isa = PBXBuildFile; fileRef = B02490561A65CFAB0078AAD4 /* logoTemp@2x.png */; };
		B02490591A65CFB80078AAD4 /* personal_icon_back@2x.png in Resources */ = {isa = PBXBuildFile; fileRef = B02490581A65CFB80078AAD4 /* personal_icon_back@2x.png */; };
		B024905B1A65D05B0078AAD4 /* fb_icon@2x.png in Resources */ = {isa = PBXBuildFile; fileRef = B024905A1A65D05B0078AAD4 /* fb_icon@2x.png */; };
		B038E2101A62017D00E660ED /* main.m in Sources */ = {isa = PBXBuildFile; fileRef = B038E20F1A62017D00E660ED /* main.m */; };
		B038E2131A62017D00E660ED /* AppDelegate.m in Sources */ = {isa = PBXBuildFile; fileRef = B038E2121A62017D00E660ED /* AppDelegate.m */; };
		B038E2191A62017D00E660ED /* Main.storyboard in Resources */ = {isa = PBXBuildFile; fileRef = B038E2171A62017D00E660ED /* Main.storyboard */; };
		B038E21B1A62017D00E660ED /* Images.xcassets in Resources */ = {isa = PBXBuildFile; fileRef = B038E21A1A62017D00E660ED /* Images.xcassets */; };
		B038E21E1A62017D00E660ED /* LaunchScreen.xib in Resources */ = {isa = PBXBuildFile; fileRef = B038E21C1A62017D00E660ED /* LaunchScreen.xib */; };
		B038E22A1A62017D00E660ED /* touchTests.m in Sources */ = {isa = PBXBuildFile; fileRef = B038E2291A62017D00E660ED /* touchTests.m */; };
		B048AC5B1A6452DA000C1D71 /* User.m in Sources */ = {isa = PBXBuildFile; fileRef = B048AC5A1A6452DA000C1D71 /* User.m */; };
		B048AC5E1A647214000C1D71 /* InsetTextField.m in Sources */ = {isa = PBXBuildFile; fileRef = B048AC5D1A647214000C1D71 /* InsetTextField.m */; };
		B048AC631A64CDCB000C1D71 /* RegisterViewController.m in Sources */ = {isa = PBXBuildFile; fileRef = B048AC611A64CDCB000C1D71 /* RegisterViewController.m */; };
		B048AC641A64CDCB000C1D71 /* RegisterViewController.xib in Resources */ = {isa = PBXBuildFile; fileRef = B048AC621A64CDCB000C1D71 /* RegisterViewController.xib */; };
		B048AC7B1A650765000C1D71 /* LoginViewController.m in Sources */ = {isa = PBXBuildFile; fileRef = B048AC791A650765000C1D71 /* LoginViewController.m */; };
		B048AC7C1A650765000C1D71 /* LoginViewController.xib in Resources */ = {isa = PBXBuildFile; fileRef = B048AC7A1A650765000C1D71 /* LoginViewController.xib */; };
		B0BE54601A63C00D000DF8FE /* Parse.framework in Frameworks */ = {isa = PBXBuildFile; fileRef = B0BE545B1A63C00D000DF8FE /* Parse.framework */; };
		B0BE54651A63C098000DF8FE /* AudioToolbox.framework in Frameworks */ = {isa = PBXBuildFile; fileRef = B0BE54641A63C098000DF8FE /* AudioToolbox.framework */; };
		B0BE54671A63C0A0000DF8FE /* CFNetwork.framework in Frameworks */ = {isa = PBXBuildFile; fileRef = B0BE54661A63C0A0000DF8FE /* CFNetwork.framework */; };
		B0BE54691A63C0A8000DF8FE /* CoreGraphics.framework in Frameworks */ = {isa = PBXBuildFile; fileRef = B0BE54681A63C0A8000DF8FE /* CoreGraphics.framework */; };
		B0BE546B1A63C0B2000DF8FE /* CoreLocation.framework in Frameworks */ = {isa = PBXBuildFile; fileRef = B0BE546A1A63C0B2000DF8FE /* CoreLocation.framework */; };
		B0BE546D1A63C0B8000DF8FE /* MobileCoreServices.framework in Frameworks */ = {isa = PBXBuildFile; fileRef = B0BE546C1A63C0B8000DF8FE /* MobileCoreServices.framework */; };
		B0BE546F1A63C0BF000DF8FE /* QuartzCore.framework in Frameworks */ = {isa = PBXBuildFile; fileRef = B0BE546E1A63C0BF000DF8FE /* QuartzCore.framework */; };
		B0BE54711A63C0C6000DF8FE /* Security.framework in Frameworks */ = {isa = PBXBuildFile; fileRef = B0BE54701A63C0C6000DF8FE /* Security.framework */; };
		B0BE54731A63C0CD000DF8FE /* StoreKit.framework in Frameworks */ = {isa = PBXBuildFile; fileRef = B0BE54721A63C0CD000DF8FE /* StoreKit.framework */; };
		B0BE54751A63C0D5000DF8FE /* SystemConfiguration.framework in Frameworks */ = {isa = PBXBuildFile; fileRef = B0BE54741A63C0D5000DF8FE /* SystemConfiguration.framework */; };
		B0BE54771A63C0DE000DF8FE /* libz.dylib in Frameworks */ = {isa = PBXBuildFile; fileRef = B0BE54761A63C0DE000DF8FE /* libz.dylib */; };
		B0E911951A63C35100AA8B7E /* Social.framework in Frameworks */ = {isa = PBXBuildFile; fileRef = B0E911941A63C35100AA8B7E /* Social.framework */; };
		B0E911971A63C38B00AA8B7E /* Accounts.framework in Frameworks */ = {isa = PBXBuildFile; fileRef = B0E911961A63C38B00AA8B7E /* Accounts.framework */; };
		B0E911A91A63D0C900AA8B7E /* FacebookSDK.framework in Frameworks */ = {isa = PBXBuildFile; fileRef = B0E911A81A63D0C900AA8B7E /* FacebookSDK.framework */; };
		B0E911AB1A63D0FC00AA8B7E /* Foundation.framework in Frameworks */ = {isa = PBXBuildFile; fileRef = B0E911AA1A63D0FC00AA8B7E /* Foundation.framework */; };
		B0E911AD1A63D11000AA8B7E /* UIKit.framework in Frameworks */ = {isa = PBXBuildFile; fileRef = B0E911AC1A63D11000AA8B7E /* UIKit.framework */; };
		B0E911B11A63D14800AA8B7E /* libsqlite3.dylib in Frameworks */ = {isa = PBXBuildFile; fileRef = B0E911B01A63D14800AA8B7E /* libsqlite3.dylib */; };
		D4A7D56F5090AE2A2C1CDE20 /* libPods.a in Frameworks */ = {isa = PBXBuildFile; fileRef = C68310DD432B01D2C3A6E56C /* libPods.a */; };
/* End PBXBuildFile section */

/* Begin PBXContainerItemProxy section */
		B038E2241A62017D00E660ED /* PBXContainerItemProxy */ = {
			isa = PBXContainerItemProxy;
			containerPortal = B038E2021A62017D00E660ED /* Project object */;
			proxyType = 1;
			remoteGlobalIDString = B038E2091A62017D00E660ED;
			remoteInfo = touch;
		};
/* End PBXContainerItemProxy section */

/* Begin PBXFileReference section */
		091258C1AC96E7FF03934F2B /* Pods.release.xcconfig */ = {isa = PBXFileReference; includeInIndex = 1; lastKnownFileType = text.xcconfig; name = Pods.release.xcconfig; path = "Pods/Target Support Files/Pods/Pods.release.xcconfig"; sourceTree = "<group>"; };
		8320CE4774A8B8F676888D9D /* Pods.debug.xcconfig */ = {isa = PBXFileReference; includeInIndex = 1; lastKnownFileType = text.xcconfig; name = Pods.debug.xcconfig; path = "Pods/Target Support Files/Pods/Pods.debug.xcconfig"; sourceTree = "<group>"; };
		B016F0AA1A63303B000291FB /* IntroViewController.h */ = {isa = PBXFileReference; fileEncoding = 4; lastKnownFileType = sourcecode.c.h; path = IntroViewController.h; sourceTree = "<group>"; };
		B016F0AB1A63303B000291FB /* IntroViewController.m */ = {isa = PBXFileReference; fileEncoding = 4; lastKnownFileType = sourcecode.c.objc; path = IntroViewController.m; sourceTree = "<group>"; };
		B016F0AF1A633E6F000291FB /* study@2x.png */ = {isa = PBXFileReference; lastKnownFileType = image.png; path = "study@2x.png"; sourceTree = "<group>"; };
		B02490541A65CFA20078AAD4 /* loginBackground@2x.png */ = {isa = PBXFileReference; lastKnownFileType = image.png; path = "loginBackground@2x.png"; sourceTree = "<group>"; };
		B02490561A65CFAB0078AAD4 /* logoTemp@2x.png */ = {isa = PBXFileReference; lastKnownFileType = image.png; path = "logoTemp@2x.png"; sourceTree = "<group>"; };
		B02490581A65CFB80078AAD4 /* personal_icon_back@2x.png */ = {isa = PBXFileReference; lastKnownFileType = image.png; path = "personal_icon_back@2x.png"; sourceTree = "<group>"; };
		B024905A1A65D05B0078AAD4 /* fb_icon@2x.png */ = {isa = PBXFileReference; lastKnownFileType = image.png; path = "fb_icon@2x.png"; sourceTree = "<group>"; };
		B038E20A1A62017D00E660ED /* touch.app */ = {isa = PBXFileReference; explicitFileType = wrapper.application; includeInIndex = 0; path = touch.app; sourceTree = BUILT_PRODUCTS_DIR; };
		B038E20E1A62017D00E660ED /* Info.plist */ = {isa = PBXFileReference; lastKnownFileType = text.plist.xml; path = Info.plist; sourceTree = "<group>"; };
		B038E20F1A62017D00E660ED /* main.m */ = {isa = PBXFileReference; lastKnownFileType = sourcecode.c.objc; path = main.m; sourceTree = "<group>"; };
		B038E2111A62017D00E660ED /* AppDelegate.h */ = {isa = PBXFileReference; lastKnownFileType = sourcecode.c.h; path = AppDelegate.h; sourceTree = "<group>"; };
		B038E2121A62017D00E660ED /* AppDelegate.m */ = {isa = PBXFileReference; lastKnownFileType = sourcecode.c.objc; path = AppDelegate.m; sourceTree = "<group>"; };
		B038E2181A62017D00E660ED /* Base */ = {isa = PBXFileReference; lastKnownFileType = file.storyboard; name = Base; path = Base.lproj/Main.storyboard; sourceTree = "<group>"; };
		B038E21A1A62017D00E660ED /* Images.xcassets */ = {isa = PBXFileReference; lastKnownFileType = folder.assetcatalog; path = Images.xcassets; sourceTree = "<group>"; };
		B038E21D1A62017D00E660ED /* Base */ = {isa = PBXFileReference; lastKnownFileType = file.xib; name = Base; path = Base.lproj/LaunchScreen.xib; sourceTree = "<group>"; };
		B038E2231A62017D00E660ED /* touchTests.xctest */ = {isa = PBXFileReference; explicitFileType = wrapper.cfbundle; includeInIndex = 0; path = touchTests.xctest; sourceTree = BUILT_PRODUCTS_DIR; };
		B038E2281A62017D00E660ED /* Info.plist */ = {isa = PBXFileReference; lastKnownFileType = text.plist.xml; path = Info.plist; sourceTree = "<group>"; };
		B038E2291A62017D00E660ED /* touchTests.m */ = {isa = PBXFileReference; lastKnownFileType = sourcecode.c.objc; path = touchTests.m; sourceTree = "<group>"; };
		B048AC591A6452DA000C1D71 /* User.h */ = {isa = PBXFileReference; fileEncoding = 4; lastKnownFileType = sourcecode.c.h; path = User.h; sourceTree = "<group>"; };
		B048AC5A1A6452DA000C1D71 /* User.m */ = {isa = PBXFileReference; fileEncoding = 4; lastKnownFileType = sourcecode.c.objc; path = User.m; sourceTree = "<group>"; };
		B048AC5C1A647214000C1D71 /* InsetTextField.h */ = {isa = PBXFileReference; fileEncoding = 4; lastKnownFileType = sourcecode.c.h; path = InsetTextField.h; sourceTree = "<group>"; };
		B048AC5D1A647214000C1D71 /* InsetTextField.m */ = {isa = PBXFileReference; fileEncoding = 4; lastKnownFileType = sourcecode.c.objc; path = InsetTextField.m; sourceTree = "<group>"; };
		B048AC5F1A6472B2000C1D71 /* CommonDefine.h */ = {isa = PBXFileReference; lastKnownFileType = sourcecode.c.h; path = CommonDefine.h; sourceTree = "<group>"; };
		B048AC601A64CDCB000C1D71 /* RegisterViewController.h */ = {isa = PBXFileReference; fileEncoding = 4; lastKnownFileType = sourcecode.c.h; path = RegisterViewController.h; sourceTree = "<group>"; };
		B048AC611A64CDCB000C1D71 /* RegisterViewController.m */ = {isa = PBXFileReference; fileEncoding = 4; lastKnownFileType = sourcecode.c.objc; path = RegisterViewController.m; sourceTree = "<group>"; };
		B048AC621A64CDCB000C1D71 /* RegisterViewController.xib */ = {isa = PBXFileReference; fileEncoding = 4; lastKnownFileType = file.xib; path = RegisterViewController.xib; sourceTree = "<group>"; };
		B048AC671A64D28F000C1D71 /* PFDefine.h */ = {isa = PBXFileReference; lastKnownFileType = sourcecode.c.h; path = PFDefine.h; sourceTree = "<group>"; };
		B048AC781A650765000C1D71 /* LoginViewController.h */ = {isa = PBXFileReference; fileEncoding = 4; lastKnownFileType = sourcecode.c.h; path = LoginViewController.h; sourceTree = "<group>"; };
		B048AC791A650765000C1D71 /* LoginViewController.m */ = {isa = PBXFileReference; fileEncoding = 4; lastKnownFileType = sourcecode.c.objc; path = LoginViewController.m; sourceTree = "<group>"; };
		B048AC7A1A650765000C1D71 /* LoginViewController.xib */ = {isa = PBXFileReference; fileEncoding = 4; lastKnownFileType = file.xib; path = LoginViewController.xib; sourceTree = "<group>"; };
		B0BE545B1A63C00D000DF8FE /* Parse.framework */ = {isa = PBXFileReference; lastKnownFileType = wrapper.framework; path = Parse.framework; sourceTree = "<group>"; };
		B0BE54641A63C098000DF8FE /* AudioToolbox.framework */ = {isa = PBXFileReference; lastKnownFileType = wrapper.framework; name = AudioToolbox.framework; path = System/Library/Frameworks/AudioToolbox.framework; sourceTree = SDKROOT; };
		B0BE54661A63C0A0000DF8FE /* CFNetwork.framework */ = {isa = PBXFileReference; lastKnownFileType = wrapper.framework; name = CFNetwork.framework; path = System/Library/Frameworks/CFNetwork.framework; sourceTree = SDKROOT; };
		B0BE54681A63C0A8000DF8FE /* CoreGraphics.framework */ = {isa = PBXFileReference; lastKnownFileType = wrapper.framework; name = CoreGraphics.framework; path = System/Library/Frameworks/CoreGraphics.framework; sourceTree = SDKROOT; };
		B0BE546A1A63C0B2000DF8FE /* CoreLocation.framework */ = {isa = PBXFileReference; lastKnownFileType = wrapper.framework; name = CoreLocation.framework; path = System/Library/Frameworks/CoreLocation.framework; sourceTree = SDKROOT; };
		B0BE546C1A63C0B8000DF8FE /* MobileCoreServices.framework */ = {isa = PBXFileReference; lastKnownFileType = wrapper.framework; name = MobileCoreServices.framework; path = System/Library/Frameworks/MobileCoreServices.framework; sourceTree = SDKROOT; };
		B0BE546E1A63C0BF000DF8FE /* QuartzCore.framework */ = {isa = PBXFileReference; lastKnownFileType = wrapper.framework; name = QuartzCore.framework; path = System/Library/Frameworks/QuartzCore.framework; sourceTree = SDKROOT; };
		B0BE54701A63C0C6000DF8FE /* Security.framework */ = {isa = PBXFileReference; lastKnownFileType = wrapper.framework; name = Security.framework; path = System/Library/Frameworks/Security.framework; sourceTree = SDKROOT; };
		B0BE54721A63C0CD000DF8FE /* StoreKit.framework */ = {isa = PBXFileReference; lastKnownFileType = wrapper.framework; name = StoreKit.framework; path = System/Library/Frameworks/StoreKit.framework; sourceTree = SDKROOT; };
		B0BE54741A63C0D5000DF8FE /* SystemConfiguration.framework */ = {isa = PBXFileReference; lastKnownFileType = wrapper.framework; name = SystemConfiguration.framework; path = System/Library/Frameworks/SystemConfiguration.framework; sourceTree = SDKROOT; };
		B0BE54761A63C0DE000DF8FE /* libz.dylib */ = {isa = PBXFileReference; lastKnownFileType = "compiled.mach-o.dylib"; name = libz.dylib; path = usr/lib/libz.dylib; sourceTree = SDKROOT; };
		B0E911941A63C35100AA8B7E /* Social.framework */ = {isa = PBXFileReference; lastKnownFileType = wrapper.framework; name = Social.framework; path = System/Library/Frameworks/Social.framework; sourceTree = SDKROOT; };
		B0E911961A63C38B00AA8B7E /* Accounts.framework */ = {isa = PBXFileReference; lastKnownFileType = wrapper.framework; name = Accounts.framework; path = System/Library/Frameworks/Accounts.framework; sourceTree = SDKROOT; };
		B0E911A81A63D0C900AA8B7E /* FacebookSDK.framework */ = {isa = PBXFileReference; lastKnownFileType = wrapper.framework; path = FacebookSDK.framework; sourceTree = "<group>"; };
		B0E911AA1A63D0FC00AA8B7E /* Foundation.framework */ = {isa = PBXFileReference; lastKnownFileType = wrapper.framework; name = Foundation.framework; path = System/Library/Frameworks/Foundation.framework; sourceTree = SDKROOT; };
		B0E911AC1A63D11000AA8B7E /* UIKit.framework */ = {isa = PBXFileReference; lastKnownFileType = wrapper.framework; name = UIKit.framework; path = System/Library/Frameworks/UIKit.framework; sourceTree = SDKROOT; };
		B0E911B01A63D14800AA8B7E /* libsqlite3.dylib */ = {isa = PBXFileReference; lastKnownFileType = "compiled.mach-o.dylib"; name = libsqlite3.dylib; path = usr/lib/libsqlite3.dylib; sourceTree = SDKROOT; };
		C68310DD432B01D2C3A6E56C /* libPods.a */ = {isa = PBXFileReference; explicitFileType = archive.ar; includeInIndex = 0; path = libPods.a; sourceTree = BUILT_PRODUCTS_DIR; };
/* End PBXFileReference section */

/* Begin PBXFrameworksBuildPhase section */
		B038E2071A62017D00E660ED /* Frameworks */ = {
			isa = PBXFrameworksBuildPhase;
			buildActionMask = 2147483647;
			files = (
				B0E911B11A63D14800AA8B7E /* libsqlite3.dylib in Frameworks */,
				B0E911AD1A63D11000AA8B7E /* UIKit.framework in Frameworks */,
				B0E911AB1A63D0FC00AA8B7E /* Foundation.framework in Frameworks */,
				B0E911971A63C38B00AA8B7E /* Accounts.framework in Frameworks */,
				B0E911951A63C35100AA8B7E /* Social.framework in Frameworks */,
				B0BE54771A63C0DE000DF8FE /* libz.dylib in Frameworks */,
				B0BE54751A63C0D5000DF8FE /* SystemConfiguration.framework in Frameworks */,
				B0BE54731A63C0CD000DF8FE /* StoreKit.framework in Frameworks */,
				B0BE54711A63C0C6000DF8FE /* Security.framework in Frameworks */,
				B0BE546F1A63C0BF000DF8FE /* QuartzCore.framework in Frameworks */,
				B0E911A91A63D0C900AA8B7E /* FacebookSDK.framework in Frameworks */,
				B0BE546D1A63C0B8000DF8FE /* MobileCoreServices.framework in Frameworks */,
				B0BE546B1A63C0B2000DF8FE /* CoreLocation.framework in Frameworks */,
				B0BE54691A63C0A8000DF8FE /* CoreGraphics.framework in Frameworks */,
				B0BE54671A63C0A0000DF8FE /* CFNetwork.framework in Frameworks */,
				B0BE54651A63C098000DF8FE /* AudioToolbox.framework in Frameworks */,
				D4A7D56F5090AE2A2C1CDE20 /* libPods.a in Frameworks */,
				B0BE54601A63C00D000DF8FE /* Parse.framework in Frameworks */,
			);
			runOnlyForDeploymentPostprocessing = 0;
		};
		B038E2201A62017D00E660ED /* Frameworks */ = {
			isa = PBXFrameworksBuildPhase;
			buildActionMask = 2147483647;
			files = (
			);
			runOnlyForDeploymentPostprocessing = 0;
		};
/* End PBXFrameworksBuildPhase section */

/* Begin PBXGroup section */
		21DE11476FD467067F62544A /* Frameworks */ = {
			isa = PBXGroup;
			children = (
				B0E911B01A63D14800AA8B7E /* libsqlite3.dylib */,
				B0BE54761A63C0DE000DF8FE /* libz.dylib */,
				B0E911961A63C38B00AA8B7E /* Accounts.framework */,
				B0BE54641A63C098000DF8FE /* AudioToolbox.framework */,
				B0E911AC1A63D11000AA8B7E /* UIKit.framework */,
				B0E911AA1A63D0FC00AA8B7E /* Foundation.framework */,
				B0E911A81A63D0C900AA8B7E /* FacebookSDK.framework */,
				B0E911941A63C35100AA8B7E /* Social.framework */,
				B0BE54741A63C0D5000DF8FE /* SystemConfiguration.framework */,
				B0BE54721A63C0CD000DF8FE /* StoreKit.framework */,
				B0BE54701A63C0C6000DF8FE /* Security.framework */,
				B0BE546E1A63C0BF000DF8FE /* QuartzCore.framework */,
				B0BE546C1A63C0B8000DF8FE /* MobileCoreServices.framework */,
				B0BE546A1A63C0B2000DF8FE /* CoreLocation.framework */,
				B0BE54681A63C0A8000DF8FE /* CoreGraphics.framework */,
				B0BE54661A63C0A0000DF8FE /* CFNetwork.framework */,
				B0BE545B1A63C00D000DF8FE /* Parse.framework */,
				C68310DD432B01D2C3A6E56C /* libPods.a */,
			);
			name = Frameworks;
			sourceTree = "<group>";
		};
		90D82FEB2D6CA1ACF734558D /* Pods */ = {
			isa = PBXGroup;
			children = (
				8320CE4774A8B8F676888D9D /* Pods.debug.xcconfig */,
				091258C1AC96E7FF03934F2B /* Pods.release.xcconfig */,
			);
			name = Pods;
			sourceTree = "<group>";
		};
		B038E2011A62017D00E660ED = {
			isa = PBXGroup;
			children = (
				B038E20C1A62017D00E660ED /* touch */,
				B038E2261A62017D00E660ED /* touchTests */,
				B038E20B1A62017D00E660ED /* Products */,
				90D82FEB2D6CA1ACF734558D /* Pods */,
				21DE11476FD467067F62544A /* Frameworks */,
			);
			sourceTree = "<group>";
		};
		B038E20B1A62017D00E660ED /* Products */ = {
			isa = PBXGroup;
			children = (
				B038E20A1A62017D00E660ED /* touch.app */,
				B038E2231A62017D00E660ED /* touchTests.xctest */,
			);
			name = Products;
			sourceTree = "<group>";
		};
		B038E20C1A62017D00E660ED /* touch */ = {
			isa = PBXGroup;
			children = (
				B038E2111A62017D00E660ED /* AppDelegate.h */,
				B038E2121A62017D00E660ED /* AppDelegate.m */,
				B038E2341A6238AE00E660ED /* Resources */,
				B038E2351A6238B600E660ED /* Model */,
				B038E2381A6238D000E660ED /* Controller */,
				B038E2171A62017D00E660ED /* Main.storyboard */,
				B038E21A1A62017D00E660ED /* Images.xcassets */,
				B038E21C1A62017D00E660ED /* LaunchScreen.xib */,
				B038E20D1A62017D00E660ED /* Supporting Files */,
			);
			path = touch;
			sourceTree = "<group>";
		};
		B038E20D1A62017D00E660ED /* Supporting Files */ = {
			isa = PBXGroup;
			children = (
				B038E20E1A62017D00E660ED /* Info.plist */,
				B038E20F1A62017D00E660ED /* main.m */,
			);
			name = "Supporting Files";
			sourceTree = "<group>";
		};
		B038E2261A62017D00E660ED /* touchTests */ = {
			isa = PBXGroup;
			children = (
				B038E2291A62017D00E660ED /* touchTests.m */,
				B038E2271A62017D00E660ED /* Supporting Files */,
			);
			path = touchTests;
			sourceTree = "<group>";
		};
		B038E2271A62017D00E660ED /* Supporting Files */ = {
			isa = PBXGroup;
			children = (
				B038E2281A62017D00E660ED /* Info.plist */,
			);
			name = "Supporting Files";
			sourceTree = "<group>";
		};
		B038E2341A6238AE00E660ED /* Resources */ = {
			isa = PBXGroup;
			children = (
				B048AC681A64D3DC000C1D71 /* Guide */,
				B048AC691A64D3ED000C1D71 /* Login&Signup */,
			);
			name = Resources;
			sourceTree = "<group>";
		};
		B038E2351A6238B600E660ED /* Model */ = {
			isa = PBXGroup;
			children = (
				B048AC591A6452DA000C1D71 /* User.h */,
				B048AC5A1A6452DA000C1D71 /* User.m */,
				B048AC671A64D28F000C1D71 /* PFDefine.h */,
			);
			name = Model;
			sourceTree = "<group>";
		};
		B038E2381A6238D000E660ED /* Controller */ = {
			isa = PBXGroup;
			children = (
				B016F0AA1A63303B000291FB /* IntroViewController.h */,
				B016F0AB1A63303B000291FB /* IntroViewController.m */,
				B048AC781A650765000C1D71 /* LoginViewController.h */,
				B048AC791A650765000C1D71 /* LoginViewController.m */,
				B048AC7A1A650765000C1D71 /* LoginViewController.xib */,
				B048AC601A64CDCB000C1D71 /* RegisterViewController.h */,
				B048AC611A64CDCB000C1D71 /* RegisterViewController.m */,
				B048AC621A64CDCB000C1D71 /* RegisterViewController.xib */,
				B048AC5C1A647214000C1D71 /* InsetTextField.h */,
				B048AC5D1A647214000C1D71 /* InsetTextField.m */,
				B048AC5F1A6472B2000C1D71 /* CommonDefine.h */,
			);
			name = Controller;
			sourceTree = "<group>";
		};
		B048AC681A64D3DC000C1D71 /* Guide */ = {
			isa = PBXGroup;
			children = (
				B016F0AF1A633E6F000291FB /* study@2x.png */,
			);
			name = Guide;
			sourceTree = "<group>";
		};
		B048AC691A64D3ED000C1D71 /* Login&Signup */ = {
			isa = PBXGroup;
			children = (
				B02490541A65CFA20078AAD4 /* loginBackground@2x.png */,
				B02490581A65CFB80078AAD4 /* personal_icon_back@2x.png */,
				B024905A1A65D05B0078AAD4 /* fb_icon@2x.png */,
				B02490561A65CFAB0078AAD4 /* logoTemp@2x.png */,
			);
			name = "Login&Signup";
			sourceTree = "<group>";
		};
/* End PBXGroup section */

/* Begin PBXNativeTarget section */
		B038E2091A62017D00E660ED /* touch */ = {
			isa = PBXNativeTarget;
			buildConfigurationList = B038E22D1A62017D00E660ED /* Build configuration list for PBXNativeTarget "touch" */;
			buildPhases = (
				043C11CD73F4CFC01B5A899B /* Check Pods Manifest.lock */,
				B038E2061A62017D00E660ED /* Sources */,
				B038E2071A62017D00E660ED /* Frameworks */,
				B038E2081A62017D00E660ED /* Resources */,
				096C4DB0F4377B58AEC30908 /* Copy Pods Resources */,
			);
			buildRules = (
			);
			dependencies = (
			);
			name = touch;
			productName = touch;
			productReference = B038E20A1A62017D00E660ED /* touch.app */;
			productType = "com.apple.product-type.application";
		};
		B038E2221A62017D00E660ED /* touchTests */ = {
			isa = PBXNativeTarget;
			buildConfigurationList = B038E2301A62017D00E660ED /* Build configuration list for PBXNativeTarget "touchTests" */;
			buildPhases = (
				B038E21F1A62017D00E660ED /* Sources */,
				B038E2201A62017D00E660ED /* Frameworks */,
				B038E2211A62017D00E660ED /* Resources */,
			);
			buildRules = (
			);
			dependencies = (
				B038E2251A62017D00E660ED /* PBXTargetDependency */,
			);
			name = touchTests;
			productName = touchTests;
			productReference = B038E2231A62017D00E660ED /* touchTests.xctest */;
			productType = "com.apple.product-type.bundle.unit-test";
		};
/* End PBXNativeTarget section */

/* Begin PBXProject section */
		B038E2021A62017D00E660ED /* Project object */ = {
			isa = PBXProject;
			attributes = {
				LastUpgradeCheck = 0610;
				ORGANIZATIONNAME = cs48;
				TargetAttributes = {
					B038E2091A62017D00E660ED = {
						CreatedOnToolsVersion = 6.1.1;
					};
					B038E2221A62017D00E660ED = {
						CreatedOnToolsVersion = 6.1.1;
						TestTargetID = B038E2091A62017D00E660ED;
					};
				};
			};
			buildConfigurationList = B038E2051A62017D00E660ED /* Build configuration list for PBXProject "touch" */;
			compatibilityVersion = "Xcode 3.2";
			developmentRegion = English;
			hasScannedForEncodings = 0;
			knownRegions = (
				en,
				Base,
			);
			mainGroup = B038E2011A62017D00E660ED;
			productRefGroup = B038E20B1A62017D00E660ED /* Products */;
			projectDirPath = "";
			projectRoot = "";
			targets = (
				B038E2091A62017D00E660ED /* touch */,
				B038E2221A62017D00E660ED /* touchTests */,
			);
		};
/* End PBXProject section */

/* Begin PBXResourcesBuildPhase section */
		B038E2081A62017D00E660ED /* Resources */ = {
			isa = PBXResourcesBuildPhase;
			buildActionMask = 2147483647;
			files = (
				B048AC7C1A650765000C1D71 /* LoginViewController.xib in Resources */,
				B038E2191A62017D00E660ED /* Main.storyboard in Resources */,
				B02490571A65CFAB0078AAD4 /* logoTemp@2x.png in Resources */,
				B02490591A65CFB80078AAD4 /* personal_icon_back@2x.png in Resources */,
				B02490551A65CFA20078AAD4 /* loginBackground@2x.png in Resources */,
				B024905B1A65D05B0078AAD4 /* fb_icon@2x.png in Resources */,
				B038E21E1A62017D00E660ED /* LaunchScreen.xib in Resources */,
				B016F0B01A633E6F000291FB /* study@2x.png in Resources */,
				B038E21B1A62017D00E660ED /* Images.xcassets in Resources */,
				B048AC641A64CDCB000C1D71 /* RegisterViewController.xib in Resources */,
			);
			runOnlyForDeploymentPostprocessing = 0;
		};
		B038E2211A62017D00E660ED /* Resources */ = {
			isa = PBXResourcesBuildPhase;
			buildActionMask = 2147483647;
			files = (
			);
			runOnlyForDeploymentPostprocessing = 0;
		};
/* End PBXResourcesBuildPhase section */

/* Begin PBXShellScriptBuildPhase section */
		043C11CD73F4CFC01B5A899B /* Check Pods Manifest.lock */ = {
			isa = PBXShellScriptBuildPhase;
			buildActionMask = 2147483647;
			files = (
			);
			inputPaths = (
			);
			name = "Check Pods Manifest.lock";
			outputPaths = (
			);
			runOnlyForDeploymentPostprocessing = 0;
			shellPath = /bin/sh;
			shellScript = "diff \"${PODS_ROOT}/../Podfile.lock\" \"${PODS_ROOT}/Manifest.lock\" > /dev/null\nif [[ $? != 0 ]] ; then\n    cat << EOM\nerror: The sandbox is not in sync with the Podfile.lock. Run 'pod install' or update your CocoaPods installation.\nEOM\n    exit 1\nfi\n";
			showEnvVarsInLog = 0;
		};
		096C4DB0F4377B58AEC30908 /* Copy Pods Resources */ = {
			isa = PBXShellScriptBuildPhase;
			buildActionMask = 2147483647;
			files = (
			);
			inputPaths = (
			);
			name = "Copy Pods Resources";
			outputPaths = (
			);
			runOnlyForDeploymentPostprocessing = 0;
			shellPath = /bin/sh;
			shellScript = "\"${SRCROOT}/Pods/Target Support Files/Pods/Pods-resources.sh\"\n";
			showEnvVarsInLog = 0;
		};
/* End PBXShellScriptBuildPhase section */

/* Begin PBXSourcesBuildPhase section */
		B038E2061A62017D00E660ED /* Sources */ = {
			isa = PBXSourcesBuildPhase;
			buildActionMask = 2147483647;
			files = (
				B048AC5E1A647214000C1D71 /* InsetTextField.m in Sources */,
				B038E2131A62017D00E660ED /* AppDelegate.m in Sources */,
				B048AC5B1A6452DA000C1D71 /* User.m in Sources */,
				B038E2101A62017D00E660ED /* main.m in Sources */,
				B048AC7B1A650765000C1D71 /* LoginViewController.m in Sources */,
				B016F0AC1A63303B000291FB /* IntroViewController.m in Sources */,
				B048AC631A64CDCB000C1D71 /* RegisterViewController.m in Sources */,
			);
			runOnlyForDeploymentPostprocessing = 0;
		};
		B038E21F1A62017D00E660ED /* Sources */ = {
			isa = PBXSourcesBuildPhase;
			buildActionMask = 2147483647;
			files = (
				B038E22A1A62017D00E660ED /* touchTests.m in Sources */,
			);
			runOnlyForDeploymentPostprocessing = 0;
		};
/* End PBXSourcesBuildPhase section */

/* Begin PBXTargetDependency section */
		B038E2251A62017D00E660ED /* PBXTargetDependency */ = {
			isa = PBXTargetDependency;
			target = B038E2091A62017D00E660ED /* touch */;
			targetProxy = B038E2241A62017D00E660ED /* PBXContainerItemProxy */;
		};
/* End PBXTargetDependency section */

/* Begin PBXVariantGroup section */
		B038E2171A62017D00E660ED /* Main.storyboard */ = {
			isa = PBXVariantGroup;
			children = (
				B038E2181A62017D00E660ED /* Base */,
			);
			name = Main.storyboard;
			sourceTree = "<group>";
		};
		B038E21C1A62017D00E660ED /* LaunchScreen.xib */ = {
			isa = PBXVariantGroup;
			children = (
				B038E21D1A62017D00E660ED /* Base */,
			);
			name = LaunchScreen.xib;
			sourceTree = "<group>";
		};
/* End PBXVariantGroup section */

/* Begin XCBuildConfiguration section */
		B038E22B1A62017D00E660ED /* Debug */ = {
			isa = XCBuildConfiguration;
			buildSettings = {
				ALWAYS_SEARCH_USER_PATHS = NO;
				CLANG_CXX_LANGUAGE_STANDARD = "gnu++0x";
				CLANG_CXX_LIBRARY = "libc++";
				CLANG_ENABLE_MODULES = YES;
				CLANG_ENABLE_OBJC_ARC = YES;
				CLANG_WARN_BOOL_CONVERSION = YES;
				CLANG_WARN_CONSTANT_CONVERSION = YES;
				CLANG_WARN_DIRECT_OBJC_ISA_USAGE = YES_ERROR;
				CLANG_WARN_EMPTY_BODY = YES;
				CLANG_WARN_ENUM_CONVERSION = YES;
				CLANG_WARN_INT_CONVERSION = YES;
				CLANG_WARN_OBJC_ROOT_CLASS = YES_ERROR;
				CLANG_WARN_UNREACHABLE_CODE = YES;
				CLANG_WARN__DUPLICATE_METHOD_MATCH = YES;
				"CODE_SIGN_IDENTITY[sdk=iphoneos*]" = "iPhone Developer";
				COPY_PHASE_STRIP = NO;
				ENABLE_STRICT_OBJC_MSGSEND = YES;
				GCC_C_LANGUAGE_STANDARD = gnu99;
				GCC_DYNAMIC_NO_PIC = NO;
				GCC_OPTIMIZATION_LEVEL = 0;
				GCC_PREPROCESSOR_DEFINITIONS = (
					"DEBUG=1",
					"$(inherited)",
				);
				GCC_SYMBOLS_PRIVATE_EXTERN = NO;
				GCC_WARN_64_TO_32_BIT_CONVERSION = YES;
				GCC_WARN_ABOUT_RETURN_TYPE = YES_ERROR;
				GCC_WARN_UNDECLARED_SELECTOR = YES;
				GCC_WARN_UNINITIALIZED_AUTOS = YES_AGGRESSIVE;
				GCC_WARN_UNUSED_FUNCTION = YES;
				GCC_WARN_UNUSED_VARIABLE = YES;
				IPHONEOS_DEPLOYMENT_TARGET = 8.1;
				MTL_ENABLE_DEBUG_INFO = YES;
				ONLY_ACTIVE_ARCH = YES;
				SDKROOT = iphoneos;
			};
			name = Debug;
		};
		B038E22C1A62017D00E660ED /* Release */ = {
			isa = XCBuildConfiguration;
			buildSettings = {
				ALWAYS_SEARCH_USER_PATHS = NO;
				CLANG_CXX_LANGUAGE_STANDARD = "gnu++0x";
				CLANG_CXX_LIBRARY = "libc++";
				CLANG_ENABLE_MODULES = YES;
				CLANG_ENABLE_OBJC_ARC = YES;
				CLANG_WARN_BOOL_CONVERSION = YES;
				CLANG_WARN_CONSTANT_CONVERSION = YES;
				CLANG_WARN_DIRECT_OBJC_ISA_USAGE = YES_ERROR;
				CLANG_WARN_EMPTY_BODY = YES;
				CLANG_WARN_ENUM_CONVERSION = YES;
				CLANG_WARN_INT_CONVERSION = YES;
				CLANG_WARN_OBJC_ROOT_CLASS = YES_ERROR;
				CLANG_WARN_UNREACHABLE_CODE = YES;
				CLANG_WARN__DUPLICATE_METHOD_MATCH = YES;
				"CODE_SIGN_IDENTITY[sdk=iphoneos*]" = "iPhone Developer";
				COPY_PHASE_STRIP = YES;
				ENABLE_NS_ASSERTIONS = NO;
				ENABLE_STRICT_OBJC_MSGSEND = YES;
				GCC_C_LANGUAGE_STANDARD = gnu99;
				GCC_WARN_64_TO_32_BIT_CONVERSION = YES;
				GCC_WARN_ABOUT_RETURN_TYPE = YES_ERROR;
				GCC_WARN_UNDECLARED_SELECTOR = YES;
				GCC_WARN_UNINITIALIZED_AUTOS = YES_AGGRESSIVE;
				GCC_WARN_UNUSED_FUNCTION = YES;
				GCC_WARN_UNUSED_VARIABLE = YES;
				IPHONEOS_DEPLOYMENT_TARGET = 8.1;
				MTL_ENABLE_DEBUG_INFO = NO;
				SDKROOT = iphoneos;
				VALIDATE_PRODUCT = YES;
			};
			name = Release;
		};
		B038E22E1A62017D00E660ED /* Debug */ = {
			isa = XCBuildConfiguration;
			baseConfigurationReference = 8320CE4774A8B8F676888D9D /* Pods.debug.xcconfig */;
			buildSettings = {
				ASSETCATALOG_COMPILER_APPICON_NAME = AppIcon;
				FRAMEWORK_SEARCH_PATHS = (
					"$(inherited)",
					"$(PROJECT_DIR)",
				);
				INFOPLIST_FILE = touch/Info.plist;
				LD_RUNPATH_SEARCH_PATHS = "$(inherited) @executable_path/Frameworks";
				PRODUCT_NAME = "$(TARGET_NAME)";
			};
			name = Debug;
		};
		B038E22F1A62017D00E660ED /* Release */ = {
			isa = XCBuildConfiguration;
			baseConfigurationReference = 091258C1AC96E7FF03934F2B /* Pods.release.xcconfig */;
			buildSettings = {
				ASSETCATALOG_COMPILER_APPICON_NAME = AppIcon;
				FRAMEWORK_SEARCH_PATHS = (
					"$(inherited)",
					"$(PROJECT_DIR)",
				);
				INFOPLIST_FILE = touch/Info.plist;
				LD_RUNPATH_SEARCH_PATHS = "$(inherited) @executable_path/Frameworks";
				PRODUCT_NAME = "$(TARGET_NAME)";
			};
			name = Release;
		};
		B038E2311A62017D00E660ED /* Debug */ = {
			isa = XCBuildConfiguration;
			buildSettings = {
				BUNDLE_LOADER = "$(TEST_HOST)";
				FRAMEWORK_SEARCH_PATHS = (
					"$(SDKROOT)/Developer/Library/Frameworks",
					"$(inherited)",
				);
				GCC_PREPROCESSOR_DEFINITIONS = (
					"DEBUG=1",
					"$(inherited)",
				);
				INFOPLIST_FILE = touchTests/Info.plist;
				LD_RUNPATH_SEARCH_PATHS = "$(inherited) @executable_path/Frameworks @loader_path/Frameworks";
				PRODUCT_NAME = "$(TARGET_NAME)";
				TEST_HOST = "$(BUILT_PRODUCTS_DIR)/touch.app/touch";
			};
			name = Debug;
		};
		B038E2321A62017D00E660ED /* Release */ = {
			isa = XCBuildConfiguration;
			buildSettings = {
				BUNDLE_LOADER = "$(TEST_HOST)";
				FRAMEWORK_SEARCH_PATHS = (
					"$(SDKROOT)/Developer/Library/Frameworks",
					"$(inherited)",
				);
				INFOPLIST_FILE = touchTests/Info.plist;
				LD_RUNPATH_SEARCH_PATHS = "$(inherited) @executable_path/Frameworks @loader_path/Frameworks";
				PRODUCT_NAME = "$(TARGET_NAME)";
				TEST_HOST = "$(BUILT_PRODUCTS_DIR)/touch.app/touch";
			};
			name = Release;
		};
/* End XCBuildConfiguration section */

/* Begin XCConfigurationList section */
		B038E2051A62017D00E660ED /* Build configuration list for PBXProject "touch" */ = {
			isa = XCConfigurationList;
			buildConfigurations = (
				B038E22B1A62017D00E660ED /* Debug */,
				B038E22C1A62017D00E660ED /* Release */,
			);
			defaultConfigurationIsVisible = 0;
			defaultConfigurationName = Release;
		};
		B038E22D1A62017D00E660ED /* Build configuration list for PBXNativeTarget "touch" */ = {
			isa = XCConfigurationList;
			buildConfigurations = (
				B038E22E1A62017D00E660ED /* Debug */,
				B038E22F1A62017D00E660ED /* Release */,
			);
			defaultConfigurationIsVisible = 0;
			defaultConfigurationName = Release;
		};
		B038E2301A62017D00E660ED /* Build configuration list for PBXNativeTarget "touchTests" */ = {
			isa = XCConfigurationList;
			buildConfigurations = (
				B038E2311A62017D00E660ED /* Debug */,
				B038E2321A62017D00E660ED /* Release */,
			);
			defaultConfigurationIsVisible = 0;
			defaultConfigurationName = Release;
		};
/* End XCConfigurationList section */
	};
	rootObject = B038E2021A62017D00E660ED /* Project object */;
}
